// !$*UTF8*$!
{
	archiveVersion = 1;
	classes = {
	};
	objectVersion = 55;
	objects = {

/* Begin PBXBuildFile section */
		BDF3E9A38C5C658142FE753E /* Pods_Medreminder.framework in Frameworks */ = {isa = PBXBuildFile; fileRef = 82F1DB18649B12819194D19B /* Pods_Medreminder.framework */; };
		E0106D882A94979D00DA2582 /* SetTimerVC.swift in Sources */ = {isa = PBXBuildFile; fileRef = E0651DAD2A77BA5800BD7149 /* SetTimerVC.swift */; };
		E03E258D2A73DEBF00A628D9 /* MedicineStrengthVC.swift in Sources */ = {isa = PBXBuildFile; fileRef = E03E258C2A73DEBF00A628D9 /* MedicineStrengthVC.swift */; };
		E04FE7BA2A7E30FE00C85CF1 /* AddMedication.storyboard in Resources */ = {isa = PBXBuildFile; fileRef = E04FE7B92A7E30FE00C85CF1 /* AddMedication.storyboard */; };
		E04FE7BC2A7E325000C85CF1 /* MedicinePurpose.storyboard in Resources */ = {isa = PBXBuildFile; fileRef = E04FE7BB2A7E325000C85CF1 /* MedicinePurpose.storyboard */; };
		E058EDDD2A7376AA00CAFF58 /* MedicationVC.swift in Sources */ = {isa = PBXBuildFile; fileRef = E058EDDC2A7376AA00CAFF58 /* MedicationVC.swift */; };
		E058EDE72A73913300CAFF58 /* AddMedicationVC.swift in Sources */ = {isa = PBXBuildFile; fileRef = E058EDE62A73913300CAFF58 /* AddMedicationVC.swift */; };
		E058EDED2A73BA3300CAFF58 /* MedicineTypeVC.swift in Sources */ = {isa = PBXBuildFile; fileRef = E058EDEC2A73BA3300CAFF58 /* MedicineTypeVC.swift */; };
		E058EDEF2A73C1F700CAFF58 /* Model.swift in Sources */ = {isa = PBXBuildFile; fileRef = E058EDEE2A73C1F700CAFF58 /* Model.swift */; };
		E058EDF22A73C58400CAFF58 /* MedicineTypeTableViewCell.swift in Sources */ = {isa = PBXBuildFile; fileRef = E058EDF02A73C58400CAFF58 /* MedicineTypeTableViewCell.swift */; };
		E058EDF32A73C58400CAFF58 /* MedicineTypeTableViewCell.xib in Resources */ = {isa = PBXBuildFile; fileRef = E058EDF12A73C58400CAFF58 /* MedicineTypeTableViewCell.xib */; };
		E0651DB12A77D1BA00BD7149 /* Realm in Frameworks */ = {isa = PBXBuildFile; productRef = E0651DB02A77D1BA00BD7149 /* Realm */; };
		E0651DB32A77D1BA00BD7149 /* RealmSwift in Frameworks */ = {isa = PBXBuildFile; productRef = E0651DB22A77D1BA00BD7149 /* RealmSwift */; };
		E0651DB52A77D2CB00BD7149 /* Database.swift in Sources */ = {isa = PBXBuildFile; fileRef = E0651DB42A77D2CB00BD7149 /* Database.swift */; };
		E0670CA32A8E3FCF007DE045 /* ProfileContract.swift in Sources */ = {isa = PBXBuildFile; fileRef = E0670C9E2A8E3FCF007DE045 /* ProfileContract.swift */; };
		E0670CA42A8E3FCF007DE045 /* ProfilePresenter.swift in Sources */ = {isa = PBXBuildFile; fileRef = E0670C9F2A8E3FCF007DE045 /* ProfilePresenter.swift */; };
		E0670CA52A8E3FCF007DE045 /* ProfileRouter.swift in Sources */ = {isa = PBXBuildFile; fileRef = E0670CA02A8E3FCF007DE045 /* ProfileRouter.swift */; };
		E0670CA62A8E3FCF007DE045 /* ProfileViewController.swift in Sources */ = {isa = PBXBuildFile; fileRef = E0670CA12A8E3FCF007DE045 /* ProfileViewController.swift */; };
		E0670CA72A8E3FCF007DE045 /* ProfileInteractor.swift in Sources */ = {isa = PBXBuildFile; fileRef = E0670CA22A8E3FCF007DE045 /* ProfileInteractor.swift */; };
		E078D5742A8B34A200904D42 /* HomeContract.swift in Sources */ = {isa = PBXBuildFile; fileRef = E078D56F2A8B34A200904D42 /* HomeContract.swift */; };
		E078D5752A8B34A200904D42 /* HomePresenter.swift in Sources */ = {isa = PBXBuildFile; fileRef = E078D5702A8B34A200904D42 /* HomePresenter.swift */; };
		E078D5762A8B34A200904D42 /* HomeRouter.swift in Sources */ = {isa = PBXBuildFile; fileRef = E078D5712A8B34A200904D42 /* HomeRouter.swift */; };
		E078D5782A8B34A200904D42 /* HomeInteractor.swift in Sources */ = {isa = PBXBuildFile; fileRef = E078D5732A8B34A200904D42 /* HomeInteractor.swift */; };
		E078D5822A8B462900904D42 /* RealmModel.swift in Sources */ = {isa = PBXBuildFile; fileRef = E078D5812A8B462900904D42 /* RealmModel.swift */; };
		E078D5882A8B793600904D42 /* MedicationContract.swift in Sources */ = {isa = PBXBuildFile; fileRef = E078D5832A8B793600904D42 /* MedicationContract.swift */; };
		E078D5892A8B793600904D42 /* MedicationPresenter.swift in Sources */ = {isa = PBXBuildFile; fileRef = E078D5842A8B793600904D42 /* MedicationPresenter.swift */; };
		E078D58A2A8B793600904D42 /* MedicationRouter.swift in Sources */ = {isa = PBXBuildFile; fileRef = E078D5852A8B793600904D42 /* MedicationRouter.swift */; };
		E078D58C2A8B793600904D42 /* MedicationInteractor.swift in Sources */ = {isa = PBXBuildFile; fileRef = E078D5872A8B793600904D42 /* MedicationInteractor.swift */; };
		E078D5982A8B7E9400904D42 /* GuideContract.swift in Sources */ = {isa = PBXBuildFile; fileRef = E078D5932A8B7E9400904D42 /* GuideContract.swift */; };
		E078D5992A8B7E9400904D42 /* GuidePresenter.swift in Sources */ = {isa = PBXBuildFile; fileRef = E078D5942A8B7E9400904D42 /* GuidePresenter.swift */; };
		E078D59A2A8B7E9400904D42 /* GuideRouter.swift in Sources */ = {isa = PBXBuildFile; fileRef = E078D5952A8B7E9400904D42 /* GuideRouter.swift */; };
		E078D59C2A8B7E9400904D42 /* GuideInteractor.swift in Sources */ = {isa = PBXBuildFile; fileRef = E078D5972A8B7E9400904D42 /* GuideInteractor.swift */; };
		E078D5A72A8B8AE600904D42 /* AddMedicationContract.swift in Sources */ = {isa = PBXBuildFile; fileRef = E078D5A22A8B8AE600904D42 /* AddMedicationContract.swift */; };
		E078D5A82A8B8AE600904D42 /* AddMedicationPresenter.swift in Sources */ = {isa = PBXBuildFile; fileRef = E078D5A32A8B8AE600904D42 /* AddMedicationPresenter.swift */; };
		E078D5A92A8B8AE600904D42 /* AddMedicationRouter.swift in Sources */ = {isa = PBXBuildFile; fileRef = E078D5A42A8B8AE600904D42 /* AddMedicationRouter.swift */; };
		E078D5AB2A8B8AE600904D42 /* AddMedicationInteractor.swift in Sources */ = {isa = PBXBuildFile; fileRef = E078D5A62A8B8AE600904D42 /* AddMedicationInteractor.swift */; };
		E0842E382A7766AC002961B0 /* MedicinePurposeVC.swift in Sources */ = {isa = PBXBuildFile; fileRef = E0842E372A7766AC002961B0 /* MedicinePurposeVC.swift */; };
		E0842E3B2A7773A5002961B0 /* MedicineNameTableViewCell.swift in Sources */ = {isa = PBXBuildFile; fileRef = E0842E392A7773A5002961B0 /* MedicineNameTableViewCell.swift */; };
		E0842E3C2A7773A5002961B0 /* MedicineNameTableViewCell.xib in Resources */ = {isa = PBXBuildFile; fileRef = E0842E3A2A7773A5002961B0 /* MedicineNameTableViewCell.xib */; };
		E0842E3F2A779255002961B0 /* MonthlySchedulVC.swift in Sources */ = {isa = PBXBuildFile; fileRef = E0842E3E2A779255002961B0 /* MonthlySchedulVC.swift */; };
		E0842E412A77ABDA002961B0 /* WeeklyScheduleViewController.swift in Sources */ = {isa = PBXBuildFile; fileRef = E0842E402A77ABDA002961B0 /* WeeklyScheduleViewController.swift */; };
		E0842E432A77B1A8002961B0 /* FirstDoseVC.swift in Sources */ = {isa = PBXBuildFile; fileRef = E0842E422A77B1A8002961B0 /* FirstDoseVC.swift */; };
		E090CE982A7B846B00DA3894 /* TakeMedicineVC.swift in Sources */ = {isa = PBXBuildFile; fileRef = E090CE972A7B846B00DA3894 /* TakeMedicineVC.swift */; };
		E092D6EE2A7CCD4000419C34 /* AppConstant.swift in Sources */ = {isa = PBXBuildFile; fileRef = E092D6ED2A7CCD4000419C34 /* AppConstant.swift */; };
		E095BEF92A7A09AD00702CDE /* GuideTableViewCell.swift in Sources */ = {isa = PBXBuildFile; fileRef = E095BEF72A7A09AD00702CDE /* GuideTableViewCell.swift */; };
		E095BEFA2A7A09AD00702CDE /* GuideTableViewCell.xib in Resources */ = {isa = PBXBuildFile; fileRef = E095BEF82A7A09AD00702CDE /* GuideTableViewCell.xib */; };
		E095BEFD2A7A11F800702CDE /* GuideModel.swift in Sources */ = {isa = PBXBuildFile; fileRef = E095BEFC2A7A11F800702CDE /* GuideModel.swift */; };
		E095BEFF2A7A586D00702CDE /* SideMenuViewController.swift in Sources */ = {isa = PBXBuildFile; fileRef = E095BEFE2A7A586D00702CDE /* SideMenuViewController.swift */; };
		E095BF022A7A5B6200702CDE /* SideMenuTableViewCell.swift in Sources */ = {isa = PBXBuildFile; fileRef = E095BF002A7A5B6200702CDE /* SideMenuTableViewCell.swift */; };
		E095BF032A7A5B6200702CDE /* SideMenuTableViewCell.xib in Resources */ = {isa = PBXBuildFile; fileRef = E095BF012A7A5B6200702CDE /* SideMenuTableViewCell.xib */; };
		E095BF072A7A5C5600702CDE /* SideMenu.swift in Sources */ = {isa = PBXBuildFile; fileRef = E095BF062A7A5C5600702CDE /* SideMenu.swift */; };
		E09EF89B2A8C80D70089ED95 /* MedicineTypeContract.swift in Sources */ = {isa = PBXBuildFile; fileRef = E09EF8962A8C80D70089ED95 /* MedicineTypeContract.swift */; };
		E09EF89C2A8C80D70089ED95 /* MedicineTypePresenter.swift in Sources */ = {isa = PBXBuildFile; fileRef = E09EF8972A8C80D70089ED95 /* MedicineTypePresenter.swift */; };
		E09EF89D2A8C80D70089ED95 /* MedicineTypeRouter.swift in Sources */ = {isa = PBXBuildFile; fileRef = E09EF8982A8C80D70089ED95 /* MedicineTypeRouter.swift */; };
		E09EF89F2A8C80D70089ED95 /* MedicineTypeInteractor.swift in Sources */ = {isa = PBXBuildFile; fileRef = E09EF89A2A8C80D70089ED95 /* MedicineTypeInteractor.swift */; };
		E09EF8AA2A8C92790089ED95 /* MedicineStrengthContract.swift in Sources */ = {isa = PBXBuildFile; fileRef = E09EF8A52A8C92790089ED95 /* MedicineStrengthContract.swift */; };
		E09EF8AB2A8C92790089ED95 /* MedicineStrengthPresenter.swift in Sources */ = {isa = PBXBuildFile; fileRef = E09EF8A62A8C92790089ED95 /* MedicineStrengthPresenter.swift */; };
		E09EF8AC2A8C92790089ED95 /* MedicineStrengthRouter.swift in Sources */ = {isa = PBXBuildFile; fileRef = E09EF8A72A8C92790089ED95 /* MedicineStrengthRouter.swift */; };
		E09EF8AE2A8C92790089ED95 /* MedicineStrengthInteractor.swift in Sources */ = {isa = PBXBuildFile; fileRef = E09EF8A92A8C92790089ED95 /* MedicineStrengthInteractor.swift */; };
		E09EF8B92A8C9D960089ED95 /* MedicinePurposeContract.swift in Sources */ = {isa = PBXBuildFile; fileRef = E09EF8B42A8C9D960089ED95 /* MedicinePurposeContract.swift */; };
		E09EF8BA2A8C9D960089ED95 /* MedicinePurposePresenter.swift in Sources */ = {isa = PBXBuildFile; fileRef = E09EF8B52A8C9D960089ED95 /* MedicinePurposePresenter.swift */; };
		E09EF8BB2A8C9D960089ED95 /* MedicinePurposeRouter.swift in Sources */ = {isa = PBXBuildFile; fileRef = E09EF8B62A8C9D960089ED95 /* MedicinePurposeRouter.swift */; };
		E09EF8BD2A8C9D960089ED95 /* MedicinePurposeInteractor.swift in Sources */ = {isa = PBXBuildFile; fileRef = E09EF8B82A8C9D960089ED95 /* MedicinePurposeInteractor.swift */; };
		E09EF8C82A8CAA890089ED95 /* MonthlySchedulContract.swift in Sources */ = {isa = PBXBuildFile; fileRef = E09EF8C32A8CAA890089ED95 /* MonthlySchedulContract.swift */; };
		E09EF8C92A8CAA890089ED95 /* MonthlySchedulPresenter.swift in Sources */ = {isa = PBXBuildFile; fileRef = E09EF8C42A8CAA890089ED95 /* MonthlySchedulPresenter.swift */; };
		E09EF8CA2A8CAA890089ED95 /* MonthlySchedulRouter.swift in Sources */ = {isa = PBXBuildFile; fileRef = E09EF8C52A8CAA890089ED95 /* MonthlySchedulRouter.swift */; };
		E09EF8CC2A8CAA890089ED95 /* MonthlySchedulInteractor.swift in Sources */ = {isa = PBXBuildFile; fileRef = E09EF8C72A8CAA890089ED95 /* MonthlySchedulInteractor.swift */; };
		E09EF8DE2A8CC2360089ED95 /* WeeklyScheduleContract.swift in Sources */ = {isa = PBXBuildFile; fileRef = E09EF8DA2A8CC2360089ED95 /* WeeklyScheduleContract.swift */; };
		E09EF8DF2A8CC2360089ED95 /* WeeklySchedulePresenter.swift in Sources */ = {isa = PBXBuildFile; fileRef = E09EF8DB2A8CC2360089ED95 /* WeeklySchedulePresenter.swift */; };
		E09EF8E02A8CC2360089ED95 /* WeeklyScheduleRouter.swift in Sources */ = {isa = PBXBuildFile; fileRef = E09EF8DC2A8CC2360089ED95 /* WeeklyScheduleRouter.swift */; };
		E09EF8E12A8CC2360089ED95 /* WeeklyScheduleInteractor.swift in Sources */ = {isa = PBXBuildFile; fileRef = E09EF8DD2A8CC2360089ED95 /* WeeklyScheduleInteractor.swift */; };
		E09EF8EC2A8CC9520089ED95 /* FirstDoseContract.swift in Sources */ = {isa = PBXBuildFile; fileRef = E09EF8E72A8CC9520089ED95 /* FirstDoseContract.swift */; };
		E09EF8ED2A8CC9520089ED95 /* FirstDosePresenter.swift in Sources */ = {isa = PBXBuildFile; fileRef = E09EF8E82A8CC9520089ED95 /* FirstDosePresenter.swift */; };
		E09EF8EE2A8CC9520089ED95 /* FirstDoseRouter.swift in Sources */ = {isa = PBXBuildFile; fileRef = E09EF8E92A8CC9520089ED95 /* FirstDoseRouter.swift */; };
		E09EF8F02A8CC9520089ED95 /* FirstDoseInteractor.swift in Sources */ = {isa = PBXBuildFile; fileRef = E09EF8EB2A8CC9520089ED95 /* FirstDoseInteractor.swift */; };
		E09EF8FB2A8CD1B40089ED95 /* SetTimerContract.swift in Sources */ = {isa = PBXBuildFile; fileRef = E09EF8F62A8CD1B40089ED95 /* SetTimerContract.swift */; };
		E09EF8FC2A8CD1B40089ED95 /* SetTimerPresenter.swift in Sources */ = {isa = PBXBuildFile; fileRef = E09EF8F72A8CD1B40089ED95 /* SetTimerPresenter.swift */; };
		E09EF8FD2A8CD1B40089ED95 /* SetTimerRouter.swift in Sources */ = {isa = PBXBuildFile; fileRef = E09EF8F82A8CD1B40089ED95 /* SetTimerRouter.swift */; };
		E09EF8FF2A8CD1B40089ED95 /* SetTimerInteractor.swift in Sources */ = {isa = PBXBuildFile; fileRef = E09EF8FA2A8CD1B40089ED95 /* SetTimerInteractor.swift */; };
		E09EF90A2A8CE02A0089ED95 /* SoundContract.swift in Sources */ = {isa = PBXBuildFile; fileRef = E09EF9052A8CE02A0089ED95 /* SoundContract.swift */; };
		E09EF90B2A8CE02A0089ED95 /* SoundPresenter.swift in Sources */ = {isa = PBXBuildFile; fileRef = E09EF9062A8CE02A0089ED95 /* SoundPresenter.swift */; };
		E09EF90C2A8CE02A0089ED95 /* SoundRouter.swift in Sources */ = {isa = PBXBuildFile; fileRef = E09EF9072A8CE02A0089ED95 /* SoundRouter.swift */; };
		E09EF90E2A8CE02A0089ED95 /* SoundInteractor.swift in Sources */ = {isa = PBXBuildFile; fileRef = E09EF9092A8CE02A0089ED95 /* SoundInteractor.swift */; };
		E09EF91A2A8CE8880089ED95 /* TakeMedicineContract.swift in Sources */ = {isa = PBXBuildFile; fileRef = E09EF9152A8CE8880089ED95 /* TakeMedicineContract.swift */; };
		E09EF91B2A8CE8880089ED95 /* TakeMedicinePresenter.swift in Sources */ = {isa = PBXBuildFile; fileRef = E09EF9162A8CE8880089ED95 /* TakeMedicinePresenter.swift */; };
		E09EF91C2A8CE8880089ED95 /* TakeMedicineRouter.swift in Sources */ = {isa = PBXBuildFile; fileRef = E09EF9172A8CE8880089ED95 /* TakeMedicineRouter.swift */; };
		E09EF91E2A8CE8880089ED95 /* TakeMedicineInteractor.swift in Sources */ = {isa = PBXBuildFile; fileRef = E09EF9192A8CE8880089ED95 /* TakeMedicineInteractor.swift */; };
		E09EF9292A8CEF8A0089ED95 /* TabBarContract.swift in Sources */ = {isa = PBXBuildFile; fileRef = E09EF9242A8CEF8A0089ED95 /* TabBarContract.swift */; };
		E09EF92A2A8CEF8A0089ED95 /* TabBarPresenter.swift in Sources */ = {isa = PBXBuildFile; fileRef = E09EF9252A8CEF8A0089ED95 /* TabBarPresenter.swift */; };
		E09EF92B2A8CEF8A0089ED95 /* TabBarRouter.swift in Sources */ = {isa = PBXBuildFile; fileRef = E09EF9262A8CEF8A0089ED95 /* TabBarRouter.swift */; };
		E09EF92D2A8CEF8A0089ED95 /* TabBarInteractor.swift in Sources */ = {isa = PBXBuildFile; fileRef = E09EF9282A8CEF8A0089ED95 /* TabBarInteractor.swift */; };
		E09EF9322A8CF3AF0089ED95 /* SideMenuContract.swift in Sources */ = {isa = PBXBuildFile; fileRef = E09EF92E2A8CF3AF0089ED95 /* SideMenuContract.swift */; };
		E09EF9332A8CF3AF0089ED95 /* SideMenuPresenter.swift in Sources */ = {isa = PBXBuildFile; fileRef = E09EF92F2A8CF3AF0089ED95 /* SideMenuPresenter.swift */; };
		E09EF9342A8CF3AF0089ED95 /* SideMenuRouter.swift in Sources */ = {isa = PBXBuildFile; fileRef = E09EF9302A8CF3AF0089ED95 /* SideMenuRouter.swift */; };
		E09EF9352A8CF3AF0089ED95 /* SideMenuInteractor.swift in Sources */ = {isa = PBXBuildFile; fileRef = E09EF9312A8CF3AF0089ED95 /* SideMenuInteractor.swift */; };
		E0AC748D2A78D3CE00896E1A /* SoundVC.swift in Sources */ = {isa = PBXBuildFile; fileRef = E0AC748C2A78D3CE00896E1A /* SoundVC.swift */; };
		E0AC74912A792D3700896E1A /* GuideVC.swift in Sources */ = {isa = PBXBuildFile; fileRef = E0AC74902A792D3700896E1A /* GuideVC.swift */; };
		E0B7BAF72A77B4CF0051C398 /* FirstDoseCollectionViewCell.swift in Sources */ = {isa = PBXBuildFile; fileRef = E0B7BAF52A77B4CF0051C398 /* FirstDoseCollectionViewCell.swift */; };
		E0B7BAF82A77B4CF0051C398 /* FirstDoseCollectionViewCell.xib in Resources */ = {isa = PBXBuildFile; fileRef = E0B7BAF62A77B4CF0051C398 /* FirstDoseCollectionViewCell.xib */; };
		E0D5CF1F2A81F816006A610E /* LangugeManager.swift in Sources */ = {isa = PBXBuildFile; fileRef = E0D5CF1E2A81F816006A610E /* LangugeManager.swift */; };
		E0D5CF282A81FB00006A610E /* Localizable.strings in Resources */ = {isa = PBXBuildFile; fileRef = E0D5CF2A2A81FB00006A610E /* Localizable.strings */; };
		E0FA77AE2A7244E2004EADEC /* AppDelegate.swift in Sources */ = {isa = PBXBuildFile; fileRef = E0FA77AD2A7244E2004EADEC /* AppDelegate.swift */; };
		E0FA77B72A7244E3004EADEC /* Assets.xcassets in Resources */ = {isa = PBXBuildFile; fileRef = E0FA77B62A7244E3004EADEC /* Assets.xcassets */; };
		E0FA77BA2A7244E3004EADEC /* LaunchScreen.storyboard in Resources */ = {isa = PBXBuildFile; fileRef = E0FA77B82A7244E3004EADEC /* LaunchScreen.storyboard */; };
		E0FA77C22A72452F004EADEC /* Home.storyboard in Resources */ = {isa = PBXBuildFile; fileRef = E0FA77C12A72452F004EADEC /* Home.storyboard */; };
		E0FA77C52A724BB7004EADEC /* TabBarVC.swift in Sources */ = {isa = PBXBuildFile; fileRef = E0FA77C42A724BB7004EADEC /* TabBarVC.swift */; };
		E0FA77C82A7252FA004EADEC /* HomeVC.swift in Sources */ = {isa = PBXBuildFile; fileRef = E0FA77C72A7252FA004EADEC /* HomeVC.swift */; };
		E0FA77CA2A7267EB004EADEC /* HeaderView.xib in Resources */ = {isa = PBXBuildFile; fileRef = E0FA77C92A7267EB004EADEC /* HeaderView.xib */; };
		E0FA77CC2A726824004EADEC /* HeaderView.swift in Sources */ = {isa = PBXBuildFile; fileRef = E0FA77CB2A726824004EADEC /* HeaderView.swift */; };
		E0FA77CF2A726B27004EADEC /* MedicineDetalisTableViewCell.swift in Sources */ = {isa = PBXBuildFile; fileRef = E0FA77CD2A726B27004EADEC /* MedicineDetalisTableViewCell.swift */; };
		E0FA77D02A726B27004EADEC /* MedicineDetalisTableViewCell.xib in Resources */ = {isa = PBXBuildFile; fileRef = E0FA77CE2A726B27004EADEC /* MedicineDetalisTableViewCell.xib */; };
/* End PBXBuildFile section */

/* Begin PBXFileReference section */
		82F1DB18649B12819194D19B /* Pods_Medreminder.framework */ = {isa = PBXFileReference; explicitFileType = wrapper.framework; includeInIndex = 0; path = Pods_Medreminder.framework; sourceTree = BUILT_PRODUCTS_DIR; };
		DF8A140201315612B9C94E0B /* Pods-Medreminder.debug.xcconfig */ = {isa = PBXFileReference; includeInIndex = 1; lastKnownFileType = text.xcconfig; name = "Pods-Medreminder.debug.xcconfig"; path = "Target Support Files/Pods-Medreminder/Pods-Medreminder.debug.xcconfig"; sourceTree = "<group>"; };
		E03E258C2A73DEBF00A628D9 /* MedicineStrengthVC.swift */ = {isa = PBXFileReference; lastKnownFileType = sourcecode.swift; path = MedicineStrengthVC.swift; sourceTree = "<group>"; };
		E04FE7B92A7E30FE00C85CF1 /* AddMedication.storyboard */ = {isa = PBXFileReference; lastKnownFileType = file.storyboard; path = AddMedication.storyboard; sourceTree = "<group>"; };
		E04FE7BB2A7E325000C85CF1 /* MedicinePurpose.storyboard */ = {isa = PBXFileReference; lastKnownFileType = file.storyboard; path = MedicinePurpose.storyboard; sourceTree = "<group>"; };
		E058EDDC2A7376AA00CAFF58 /* MedicationVC.swift */ = {isa = PBXFileReference; lastKnownFileType = sourcecode.swift; path = MedicationVC.swift; sourceTree = "<group>"; };
		E058EDE62A73913300CAFF58 /* AddMedicationVC.swift */ = {isa = PBXFileReference; lastKnownFileType = sourcecode.swift; path = AddMedicationVC.swift; sourceTree = "<group>"; };
		E058EDEC2A73BA3300CAFF58 /* MedicineTypeVC.swift */ = {isa = PBXFileReference; lastKnownFileType = sourcecode.swift; path = MedicineTypeVC.swift; sourceTree = "<group>"; };
		E058EDEE2A73C1F700CAFF58 /* Model.swift */ = {isa = PBXFileReference; lastKnownFileType = sourcecode.swift; path = Model.swift; sourceTree = "<group>"; };
		E058EDF02A73C58400CAFF58 /* MedicineTypeTableViewCell.swift */ = {isa = PBXFileReference; lastKnownFileType = sourcecode.swift; path = MedicineTypeTableViewCell.swift; sourceTree = "<group>"; };
		E058EDF12A73C58400CAFF58 /* MedicineTypeTableViewCell.xib */ = {isa = PBXFileReference; lastKnownFileType = file.xib; path = MedicineTypeTableViewCell.xib; sourceTree = "<group>"; };
		E0651DAD2A77BA5800BD7149 /* SetTimerVC.swift */ = {isa = PBXFileReference; lastKnownFileType = sourcecode.swift; path = SetTimerVC.swift; sourceTree = "<group>"; };
		E0651DB42A77D2CB00BD7149 /* Database.swift */ = {isa = PBXFileReference; lastKnownFileType = sourcecode.swift; path = Database.swift; sourceTree = "<group>"; };
		E0670C9E2A8E3FCF007DE045 /* ProfileContract.swift */ = {isa = PBXFileReference; lastKnownFileType = sourcecode.swift; path = ProfileContract.swift; sourceTree = "<group>"; };
		E0670C9F2A8E3FCF007DE045 /* ProfilePresenter.swift */ = {isa = PBXFileReference; lastKnownFileType = sourcecode.swift; path = ProfilePresenter.swift; sourceTree = "<group>"; };
		E0670CA02A8E3FCF007DE045 /* ProfileRouter.swift */ = {isa = PBXFileReference; lastKnownFileType = sourcecode.swift; path = ProfileRouter.swift; sourceTree = "<group>"; };
		E0670CA12A8E3FCF007DE045 /* ProfileViewController.swift */ = {isa = PBXFileReference; lastKnownFileType = sourcecode.swift; path = ProfileViewController.swift; sourceTree = "<group>"; };
		E0670CA22A8E3FCF007DE045 /* ProfileInteractor.swift */ = {isa = PBXFileReference; lastKnownFileType = sourcecode.swift; path = ProfileInteractor.swift; sourceTree = "<group>"; };
		E078D56F2A8B34A200904D42 /* HomeContract.swift */ = {isa = PBXFileReference; lastKnownFileType = sourcecode.swift; path = HomeContract.swift; sourceTree = "<group>"; };
		E078D5702A8B34A200904D42 /* HomePresenter.swift */ = {isa = PBXFileReference; lastKnownFileType = sourcecode.swift; path = HomePresenter.swift; sourceTree = "<group>"; };
		E078D5712A8B34A200904D42 /* HomeRouter.swift */ = {isa = PBXFileReference; lastKnownFileType = sourcecode.swift; path = HomeRouter.swift; sourceTree = "<group>"; };
		E078D5732A8B34A200904D42 /* HomeInteractor.swift */ = {isa = PBXFileReference; lastKnownFileType = sourcecode.swift; path = HomeInteractor.swift; sourceTree = "<group>"; };
		E078D5812A8B462900904D42 /* RealmModel.swift */ = {isa = PBXFileReference; lastKnownFileType = sourcecode.swift; path = RealmModel.swift; sourceTree = "<group>"; };
		E078D5832A8B793600904D42 /* MedicationContract.swift */ = {isa = PBXFileReference; lastKnownFileType = sourcecode.swift; path = MedicationContract.swift; sourceTree = "<group>"; };
		E078D5842A8B793600904D42 /* MedicationPresenter.swift */ = {isa = PBXFileReference; lastKnownFileType = sourcecode.swift; path = MedicationPresenter.swift; sourceTree = "<group>"; };
		E078D5852A8B793600904D42 /* MedicationRouter.swift */ = {isa = PBXFileReference; lastKnownFileType = sourcecode.swift; path = MedicationRouter.swift; sourceTree = "<group>"; };
		E078D5872A8B793600904D42 /* MedicationInteractor.swift */ = {isa = PBXFileReference; lastKnownFileType = sourcecode.swift; path = MedicationInteractor.swift; sourceTree = "<group>"; };
		E078D5932A8B7E9400904D42 /* GuideContract.swift */ = {isa = PBXFileReference; lastKnownFileType = sourcecode.swift; path = GuideContract.swift; sourceTree = "<group>"; };
		E078D5942A8B7E9400904D42 /* GuidePresenter.swift */ = {isa = PBXFileReference; lastKnownFileType = sourcecode.swift; path = GuidePresenter.swift; sourceTree = "<group>"; };
		E078D5952A8B7E9400904D42 /* GuideRouter.swift */ = {isa = PBXFileReference; lastKnownFileType = sourcecode.swift; path = GuideRouter.swift; sourceTree = "<group>"; };
		E078D5972A8B7E9400904D42 /* GuideInteractor.swift */ = {isa = PBXFileReference; lastKnownFileType = sourcecode.swift; path = GuideInteractor.swift; sourceTree = "<group>"; };
		E078D5A22A8B8AE600904D42 /* AddMedicationContract.swift */ = {isa = PBXFileReference; lastKnownFileType = sourcecode.swift; path = AddMedicationContract.swift; sourceTree = "<group>"; };
		E078D5A32A8B8AE600904D42 /* AddMedicationPresenter.swift */ = {isa = PBXFileReference; lastKnownFileType = sourcecode.swift; path = AddMedicationPresenter.swift; sourceTree = "<group>"; };
		E078D5A42A8B8AE600904D42 /* AddMedicationRouter.swift */ = {isa = PBXFileReference; lastKnownFileType = sourcecode.swift; path = AddMedicationRouter.swift; sourceTree = "<group>"; };
		E078D5A62A8B8AE600904D42 /* AddMedicationInteractor.swift */ = {isa = PBXFileReference; lastKnownFileType = sourcecode.swift; path = AddMedicationInteractor.swift; sourceTree = "<group>"; };
		E0842E372A7766AC002961B0 /* MedicinePurposeVC.swift */ = {isa = PBXFileReference; lastKnownFileType = sourcecode.swift; path = MedicinePurposeVC.swift; sourceTree = "<group>"; };
		E0842E392A7773A5002961B0 /* MedicineNameTableViewCell.swift */ = {isa = PBXFileReference; lastKnownFileType = sourcecode.swift; path = MedicineNameTableViewCell.swift; sourceTree = "<group>"; };
		E0842E3A2A7773A5002961B0 /* MedicineNameTableViewCell.xib */ = {isa = PBXFileReference; lastKnownFileType = file.xib; path = MedicineNameTableViewCell.xib; sourceTree = "<group>"; };
		E0842E3E2A779255002961B0 /* MonthlySchedulVC.swift */ = {isa = PBXFileReference; lastKnownFileType = sourcecode.swift; path = MonthlySchedulVC.swift; sourceTree = "<group>"; };
		E0842E402A77ABDA002961B0 /* WeeklyScheduleViewController.swift */ = {isa = PBXFileReference; lastKnownFileType = sourcecode.swift; path = WeeklyScheduleViewController.swift; sourceTree = "<group>"; };
		E0842E422A77B1A8002961B0 /* FirstDoseVC.swift */ = {isa = PBXFileReference; lastKnownFileType = sourcecode.swift; path = FirstDoseVC.swift; sourceTree = "<group>"; };
		E090CE972A7B846B00DA3894 /* TakeMedicineVC.swift */ = {isa = PBXFileReference; lastKnownFileType = sourcecode.swift; path = TakeMedicineVC.swift; sourceTree = "<group>"; };
		E092D6ED2A7CCD4000419C34 /* AppConstant.swift */ = {isa = PBXFileReference; lastKnownFileType = sourcecode.swift; path = AppConstant.swift; sourceTree = "<group>"; };
		E095BEF72A7A09AD00702CDE /* GuideTableViewCell.swift */ = {isa = PBXFileReference; lastKnownFileType = sourcecode.swift; path = GuideTableViewCell.swift; sourceTree = "<group>"; };
		E095BEF82A7A09AD00702CDE /* GuideTableViewCell.xib */ = {isa = PBXFileReference; lastKnownFileType = file.xib; path = GuideTableViewCell.xib; sourceTree = "<group>"; };
		E095BEFC2A7A11F800702CDE /* GuideModel.swift */ = {isa = PBXFileReference; lastKnownFileType = sourcecode.swift; path = GuideModel.swift; sourceTree = "<group>"; };
		E095BEFE2A7A586D00702CDE /* SideMenuViewController.swift */ = {isa = PBXFileReference; lastKnownFileType = sourcecode.swift; path = SideMenuViewController.swift; sourceTree = "<group>"; };
		E095BF002A7A5B6200702CDE /* SideMenuTableViewCell.swift */ = {isa = PBXFileReference; lastKnownFileType = sourcecode.swift; path = SideMenuTableViewCell.swift; sourceTree = "<group>"; };
		E095BF012A7A5B6200702CDE /* SideMenuTableViewCell.xib */ = {isa = PBXFileReference; lastKnownFileType = file.xib; path = SideMenuTableViewCell.xib; sourceTree = "<group>"; };
		E095BF062A7A5C5600702CDE /* SideMenu.swift */ = {isa = PBXFileReference; lastKnownFileType = sourcecode.swift; path = SideMenu.swift; sourceTree = "<group>"; };
		E09EF8962A8C80D70089ED95 /* MedicineTypeContract.swift */ = {isa = PBXFileReference; lastKnownFileType = sourcecode.swift; path = MedicineTypeContract.swift; sourceTree = "<group>"; };
		E09EF8972A8C80D70089ED95 /* MedicineTypePresenter.swift */ = {isa = PBXFileReference; lastKnownFileType = sourcecode.swift; path = MedicineTypePresenter.swift; sourceTree = "<group>"; };
		E09EF8982A8C80D70089ED95 /* MedicineTypeRouter.swift */ = {isa = PBXFileReference; lastKnownFileType = sourcecode.swift; path = MedicineTypeRouter.swift; sourceTree = "<group>"; };
		E09EF89A2A8C80D70089ED95 /* MedicineTypeInteractor.swift */ = {isa = PBXFileReference; lastKnownFileType = sourcecode.swift; path = MedicineTypeInteractor.swift; sourceTree = "<group>"; };
		E09EF8A52A8C92790089ED95 /* MedicineStrengthContract.swift */ = {isa = PBXFileReference; lastKnownFileType = sourcecode.swift; path = MedicineStrengthContract.swift; sourceTree = "<group>"; };
		E09EF8A62A8C92790089ED95 /* MedicineStrengthPresenter.swift */ = {isa = PBXFileReference; lastKnownFileType = sourcecode.swift; path = MedicineStrengthPresenter.swift; sourceTree = "<group>"; };
		E09EF8A72A8C92790089ED95 /* MedicineStrengthRouter.swift */ = {isa = PBXFileReference; lastKnownFileType = sourcecode.swift; path = MedicineStrengthRouter.swift; sourceTree = "<group>"; };
		E09EF8A92A8C92790089ED95 /* MedicineStrengthInteractor.swift */ = {isa = PBXFileReference; lastKnownFileType = sourcecode.swift; path = MedicineStrengthInteractor.swift; sourceTree = "<group>"; };
		E09EF8B42A8C9D960089ED95 /* MedicinePurposeContract.swift */ = {isa = PBXFileReference; lastKnownFileType = sourcecode.swift; path = MedicinePurposeContract.swift; sourceTree = "<group>"; };
		E09EF8B52A8C9D960089ED95 /* MedicinePurposePresenter.swift */ = {isa = PBXFileReference; lastKnownFileType = sourcecode.swift; path = MedicinePurposePresenter.swift; sourceTree = "<group>"; };
		E09EF8B62A8C9D960089ED95 /* MedicinePurposeRouter.swift */ = {isa = PBXFileReference; lastKnownFileType = sourcecode.swift; path = MedicinePurposeRouter.swift; sourceTree = "<group>"; };
		E09EF8B82A8C9D960089ED95 /* MedicinePurposeInteractor.swift */ = {isa = PBXFileReference; lastKnownFileType = sourcecode.swift; path = MedicinePurposeInteractor.swift; sourceTree = "<group>"; };
		E09EF8C32A8CAA890089ED95 /* MonthlySchedulContract.swift */ = {isa = PBXFileReference; lastKnownFileType = sourcecode.swift; path = MonthlySchedulContract.swift; sourceTree = "<group>"; };
		E09EF8C42A8CAA890089ED95 /* MonthlySchedulPresenter.swift */ = {isa = PBXFileReference; lastKnownFileType = sourcecode.swift; path = MonthlySchedulPresenter.swift; sourceTree = "<group>"; };
		E09EF8C52A8CAA890089ED95 /* MonthlySchedulRouter.swift */ = {isa = PBXFileReference; lastKnownFileType = sourcecode.swift; path = MonthlySchedulRouter.swift; sourceTree = "<group>"; };
		E09EF8C72A8CAA890089ED95 /* MonthlySchedulInteractor.swift */ = {isa = PBXFileReference; lastKnownFileType = sourcecode.swift; path = MonthlySchedulInteractor.swift; sourceTree = "<group>"; };
		E09EF8DA2A8CC2360089ED95 /* WeeklyScheduleContract.swift */ = {isa = PBXFileReference; lastKnownFileType = sourcecode.swift; path = WeeklyScheduleContract.swift; sourceTree = "<group>"; };
		E09EF8DB2A8CC2360089ED95 /* WeeklySchedulePresenter.swift */ = {isa = PBXFileReference; lastKnownFileType = sourcecode.swift; path = WeeklySchedulePresenter.swift; sourceTree = "<group>"; };
		E09EF8DC2A8CC2360089ED95 /* WeeklyScheduleRouter.swift */ = {isa = PBXFileReference; lastKnownFileType = sourcecode.swift; path = WeeklyScheduleRouter.swift; sourceTree = "<group>"; };
		E09EF8DD2A8CC2360089ED95 /* WeeklyScheduleInteractor.swift */ = {isa = PBXFileReference; lastKnownFileType = sourcecode.swift; path = WeeklyScheduleInteractor.swift; sourceTree = "<group>"; };
		E09EF8E72A8CC9520089ED95 /* FirstDoseContract.swift */ = {isa = PBXFileReference; lastKnownFileType = sourcecode.swift; path = FirstDoseContract.swift; sourceTree = "<group>"; };
		E09EF8E82A8CC9520089ED95 /* FirstDosePresenter.swift */ = {isa = PBXFileReference; lastKnownFileType = sourcecode.swift; path = FirstDosePresenter.swift; sourceTree = "<group>"; };
		E09EF8E92A8CC9520089ED95 /* FirstDoseRouter.swift */ = {isa = PBXFileReference; lastKnownFileType = sourcecode.swift; path = FirstDoseRouter.swift; sourceTree = "<group>"; };
		E09EF8EB2A8CC9520089ED95 /* FirstDoseInteractor.swift */ = {isa = PBXFileReference; lastKnownFileType = sourcecode.swift; path = FirstDoseInteractor.swift; sourceTree = "<group>"; };
		E09EF8F62A8CD1B40089ED95 /* SetTimerContract.swift */ = {isa = PBXFileReference; lastKnownFileType = sourcecode.swift; path = SetTimerContract.swift; sourceTree = "<group>"; };
		E09EF8F72A8CD1B40089ED95 /* SetTimerPresenter.swift */ = {isa = PBXFileReference; lastKnownFileType = sourcecode.swift; path = SetTimerPresenter.swift; sourceTree = "<group>"; };
		E09EF8F82A8CD1B40089ED95 /* SetTimerRouter.swift */ = {isa = PBXFileReference; lastKnownFileType = sourcecode.swift; path = SetTimerRouter.swift; sourceTree = "<group>"; };
		E09EF8FA2A8CD1B40089ED95 /* SetTimerInteractor.swift */ = {isa = PBXFileReference; lastKnownFileType = sourcecode.swift; path = SetTimerInteractor.swift; sourceTree = "<group>"; };
		E09EF9052A8CE02A0089ED95 /* SoundContract.swift */ = {isa = PBXFileReference; lastKnownFileType = sourcecode.swift; path = SoundContract.swift; sourceTree = "<group>"; };
		E09EF9062A8CE02A0089ED95 /* SoundPresenter.swift */ = {isa = PBXFileReference; lastKnownFileType = sourcecode.swift; path = SoundPresenter.swift; sourceTree = "<group>"; };
		E09EF9072A8CE02A0089ED95 /* SoundRouter.swift */ = {isa = PBXFileReference; lastKnownFileType = sourcecode.swift; path = SoundRouter.swift; sourceTree = "<group>"; };
		E09EF9092A8CE02A0089ED95 /* SoundInteractor.swift */ = {isa = PBXFileReference; lastKnownFileType = sourcecode.swift; path = SoundInteractor.swift; sourceTree = "<group>"; };
		E09EF9152A8CE8880089ED95 /* TakeMedicineContract.swift */ = {isa = PBXFileReference; lastKnownFileType = sourcecode.swift; path = TakeMedicineContract.swift; sourceTree = "<group>"; };
		E09EF9162A8CE8880089ED95 /* TakeMedicinePresenter.swift */ = {isa = PBXFileReference; lastKnownFileType = sourcecode.swift; path = TakeMedicinePresenter.swift; sourceTree = "<group>"; };
		E09EF9172A8CE8880089ED95 /* TakeMedicineRouter.swift */ = {isa = PBXFileReference; lastKnownFileType = sourcecode.swift; path = TakeMedicineRouter.swift; sourceTree = "<group>"; };
		E09EF9192A8CE8880089ED95 /* TakeMedicineInteractor.swift */ = {isa = PBXFileReference; lastKnownFileType = sourcecode.swift; path = TakeMedicineInteractor.swift; sourceTree = "<group>"; };
		E09EF9242A8CEF8A0089ED95 /* TabBarContract.swift */ = {isa = PBXFileReference; lastKnownFileType = sourcecode.swift; path = TabBarContract.swift; sourceTree = "<group>"; };
		E09EF9252A8CEF8A0089ED95 /* TabBarPresenter.swift */ = {isa = PBXFileReference; lastKnownFileType = sourcecode.swift; path = TabBarPresenter.swift; sourceTree = "<group>"; };
		E09EF9262A8CEF8A0089ED95 /* TabBarRouter.swift */ = {isa = PBXFileReference; lastKnownFileType = sourcecode.swift; path = TabBarRouter.swift; sourceTree = "<group>"; };
		E09EF9282A8CEF8A0089ED95 /* TabBarInteractor.swift */ = {isa = PBXFileReference; lastKnownFileType = sourcecode.swift; path = TabBarInteractor.swift; sourceTree = "<group>"; };
		E09EF92E2A8CF3AF0089ED95 /* SideMenuContract.swift */ = {isa = PBXFileReference; lastKnownFileType = sourcecode.swift; path = SideMenuContract.swift; sourceTree = "<group>"; };
		E09EF92F2A8CF3AF0089ED95 /* SideMenuPresenter.swift */ = {isa = PBXFileReference; lastKnownFileType = sourcecode.swift; path = SideMenuPresenter.swift; sourceTree = "<group>"; };
		E09EF9302A8CF3AF0089ED95 /* SideMenuRouter.swift */ = {isa = PBXFileReference; lastKnownFileType = sourcecode.swift; path = SideMenuRouter.swift; sourceTree = "<group>"; };
		E09EF9312A8CF3AF0089ED95 /* SideMenuInteractor.swift */ = {isa = PBXFileReference; lastKnownFileType = sourcecode.swift; path = SideMenuInteractor.swift; sourceTree = "<group>"; };
		E0AC748C2A78D3CE00896E1A /* SoundVC.swift */ = {isa = PBXFileReference; lastKnownFileType = sourcecode.swift; path = SoundVC.swift; sourceTree = "<group>"; };
		E0AC74902A792D3700896E1A /* GuideVC.swift */ = {isa = PBXFileReference; lastKnownFileType = sourcecode.swift; path = GuideVC.swift; sourceTree = "<group>"; };
		E0B7BAF52A77B4CF0051C398 /* FirstDoseCollectionViewCell.swift */ = {isa = PBXFileReference; lastKnownFileType = sourcecode.swift; path = FirstDoseCollectionViewCell.swift; sourceTree = "<group>"; };
		E0B7BAF62A77B4CF0051C398 /* FirstDoseCollectionViewCell.xib */ = {isa = PBXFileReference; lastKnownFileType = file.xib; path = FirstDoseCollectionViewCell.xib; sourceTree = "<group>"; };
		E0D5CF1E2A81F816006A610E /* LangugeManager.swift */ = {isa = PBXFileReference; fileEncoding = 4; lastKnownFileType = sourcecode.swift; path = LangugeManager.swift; sourceTree = "<group>"; };
		E0D5CF232A81FAC6006A610E /* hi */ = {isa = PBXFileReference; lastKnownFileType = text.plist.strings; name = hi; path = hi.lproj/LaunchScreen.strings; sourceTree = "<group>"; };
		E0D5CF252A81FAD9006A610E /* en */ = {isa = PBXFileReference; lastKnownFileType = text.plist.strings; name = en; path = en.lproj/LaunchScreen.strings; sourceTree = "<group>"; };
		E0D5CF292A81FB00006A610E /* en */ = {isa = PBXFileReference; lastKnownFileType = text.plist.strings; name = en; path = en.lproj/Localizable.strings; sourceTree = "<group>"; };
		E0D5CF2B2A81FB02006A610E /* hi */ = {isa = PBXFileReference; lastKnownFileType = text.plist.strings; name = hi; path = hi.lproj/Localizable.strings; sourceTree = "<group>"; };
		E0FA77AA2A7244E2004EADEC /* Medreminder.app */ = {isa = PBXFileReference; explicitFileType = wrapper.application; includeInIndex = 0; path = Medreminder.app; sourceTree = BUILT_PRODUCTS_DIR; };
		E0FA77AD2A7244E2004EADEC /* AppDelegate.swift */ = {isa = PBXFileReference; lastKnownFileType = sourcecode.swift; path = AppDelegate.swift; sourceTree = "<group>"; };
		E0FA77B62A7244E3004EADEC /* Assets.xcassets */ = {isa = PBXFileReference; lastKnownFileType = folder.assetcatalog; path = Assets.xcassets; sourceTree = "<group>"; };
		E0FA77B92A7244E3004EADEC /* Base */ = {isa = PBXFileReference; lastKnownFileType = file.storyboard; name = Base; path = Base.lproj/LaunchScreen.storyboard; sourceTree = "<group>"; };
		E0FA77BB2A7244E3004EADEC /* Info.plist */ = {isa = PBXFileReference; lastKnownFileType = text.plist.xml; path = Info.plist; sourceTree = "<group>"; };
		E0FA77C12A72452F004EADEC /* Home.storyboard */ = {isa = PBXFileReference; lastKnownFileType = file.storyboard; path = Home.storyboard; sourceTree = "<group>"; };
		E0FA77C42A724BB7004EADEC /* TabBarVC.swift */ = {isa = PBXFileReference; lastKnownFileType = sourcecode.swift; path = TabBarVC.swift; sourceTree = "<group>"; };
		E0FA77C72A7252FA004EADEC /* HomeVC.swift */ = {isa = PBXFileReference; lastKnownFileType = sourcecode.swift; path = HomeVC.swift; sourceTree = "<group>"; };
		E0FA77C92A7267EB004EADEC /* HeaderView.xib */ = {isa = PBXFileReference; lastKnownFileType = file.xib; path = HeaderView.xib; sourceTree = "<group>"; };
		E0FA77CB2A726824004EADEC /* HeaderView.swift */ = {isa = PBXFileReference; lastKnownFileType = sourcecode.swift; path = HeaderView.swift; sourceTree = "<group>"; };
		E0FA77CD2A726B27004EADEC /* MedicineDetalisTableViewCell.swift */ = {isa = PBXFileReference; lastKnownFileType = sourcecode.swift; path = MedicineDetalisTableViewCell.swift; sourceTree = "<group>"; };
		E0FA77CE2A726B27004EADEC /* MedicineDetalisTableViewCell.xib */ = {isa = PBXFileReference; lastKnownFileType = file.xib; path = MedicineDetalisTableViewCell.xib; sourceTree = "<group>"; };
		FA54BFC4E144F18998F14D71 /* Pods-Medreminder.release.xcconfig */ = {isa = PBXFileReference; includeInIndex = 1; lastKnownFileType = text.xcconfig; name = "Pods-Medreminder.release.xcconfig"; path = "Target Support Files/Pods-Medreminder/Pods-Medreminder.release.xcconfig"; sourceTree = "<group>"; };
/* End PBXFileReference section */

/* Begin PBXFrameworksBuildPhase section */
		E0FA77A72A7244E2004EADEC /* Frameworks */ = {
			isa = PBXFrameworksBuildPhase;
			buildActionMask = 2147483647;
			files = (
				E0651DB32A77D1BA00BD7149 /* RealmSwift in Frameworks */,
				E0651DB12A77D1BA00BD7149 /* Realm in Frameworks */,
				BDF3E9A38C5C658142FE753E /* Pods_Medreminder.framework in Frameworks */,
			);
			runOnlyForDeploymentPostprocessing = 0;
		};
/* End PBXFrameworksBuildPhase section */

/* Begin PBXGroup section */
		63FA1BAA1D772D5B89C15071 /* Pods */ = {
			isa = PBXGroup;
			children = (
				DF8A140201315612B9C94E0B /* Pods-Medreminder.debug.xcconfig */,
				FA54BFC4E144F18998F14D71 /* Pods-Medreminder.release.xcconfig */,
			);
			path = Pods;
			sourceTree = "<group>";
		};
		6ED1DC5BCD2E504576CAAAAC /* Frameworks */ = {
			isa = PBXGroup;
			children = (
				82F1DB18649B12819194D19B /* Pods_Medreminder.framework */,
			);
			name = Frameworks;
			sourceTree = "<group>";
		};
		E0461B602A8E13390004059D /* View */ = {
			isa = PBXGroup;
			children = (
				E0FA77C42A724BB7004EADEC /* TabBarVC.swift */,
			);
			path = View;
			sourceTree = "<group>";
		};
		E0461B612A8E13400004059D /* Protocol */ = {
			isa = PBXGroup;
			children = (
				E09EF9242A8CEF8A0089ED95 /* TabBarContract.swift */,
			);
			path = Protocol;
			sourceTree = "<group>";
		};
		E0461B622A8E13480004059D /* Presenter */ = {
			isa = PBXGroup;
			children = (
				E09EF9252A8CEF8A0089ED95 /* TabBarPresenter.swift */,
			);
			path = Presenter;
			sourceTree = "<group>";
		};
		E0461B632A8E134F0004059D /* Router */ = {
			isa = PBXGroup;
			children = (
				E09EF9262A8CEF8A0089ED95 /* TabBarRouter.swift */,
			);
			path = Router;
			sourceTree = "<group>";
		};
		E0461B642A8E13550004059D /* Interactor */ = {
			isa = PBXGroup;
			children = (
				E09EF9282A8CEF8A0089ED95 /* TabBarInteractor.swift */,
			);
			path = Interactor;
			sourceTree = "<group>";
		};
		E04FE7AF2A7E2EEF00C85CF1 /* TabBarVC */ = {
			isa = PBXGroup;
			children = (
				E0461B612A8E13400004059D /* Protocol */,
				E0461B642A8E13550004059D /* Interactor */,
				E0461B622A8E13480004059D /* Presenter */,
				E0461B632A8E134F0004059D /* Router */,
				E0461B602A8E13390004059D /* View */,
			);
			path = TabBarVC;
			sourceTree = "<group>";
		};
		E04FE7B02A7E2F3000C85CF1 /* MedicineTypeVC */ = {
			isa = PBXGroup;
			children = (
				E09EF8A12A8C811B0089ED95 /* Protocol */,
				E09EF8A32A8C812C0089ED95 /* Interactor */,
				E09EF8A42A8C81380089ED95 /* Presenter */,
				E09EF8A22A8C81230089ED95 /* Router */,
				E09EF8A02A8C81150089ED95 /* View */,
			);
			path = MedicineTypeVC;
			sourceTree = "<group>";
		};
		E04FE7B12A7E2F5D00C85CF1 /* MedicineStrengthVC */ = {
			isa = PBXGroup;
			children = (
				E09EF8B02A8C92E60089ED95 /* Protocol */,
				E09EF8B32A8C92FB0089ED95 /* Interactor */,
				E09EF8B12A8C92ED0089ED95 /* Presenter */,
				E09EF8B22A8C92F50089ED95 /* Router */,
				E09EF8AF2A8C92E00089ED95 /* View */,
			);
			path = MedicineStrengthVC;
			sourceTree = "<group>";
		};
		E04FE7B22A7E2F8000C85CF1 /* MedicinePurposeVC */ = {
			isa = PBXGroup;
			children = (
				E09EF8BF2A8C9E690089ED95 /* Protocol */,
				E09EF8C22A8C9E800089ED95 /* Interactor */,
				E09EF8C02A8C9E700089ED95 /* Presenter */,
				E09EF8C12A8C9E770089ED95 /* Router */,
				E09EF8BE2A8C9E630089ED95 /* View */,
			);
			path = MedicinePurposeVC;
			sourceTree = "<group>";
		};
		E04FE7B32A7E2F9500C85CF1 /* MonthlySchedulVC */ = {
			isa = PBXGroup;
			children = (
				E09EF8CE2A8CAB280089ED95 /* Protocol */,
				E09EF8D12A8CAB450089ED95 /* Interactor */,
				E09EF8CF2A8CAB330089ED95 /* Presenter */,
				E09EF8D02A8CAB3E0089ED95 /* Router */,
				E09EF8CD2A8CAAE50089ED95 /* View */,
			);
			path = MonthlySchedulVC;
			sourceTree = "<group>";
		};
		E04FE7B42A7E2FAD00C85CF1 /* WeeklyScheduleViewController */ = {
			isa = PBXGroup;
			children = (
				E09EF8E32A8CC30E0089ED95 /* Protocol */,
				E09EF8E62A8CC3250089ED95 /* Interactor */,
				E09EF8E42A8CC3170089ED95 /* Presenter */,
				E09EF8E52A8CC31D0089ED95 /* Router */,
				E09EF8E22A8CC3050089ED95 /* View */,
			);
			path = WeeklyScheduleViewController;
			sourceTree = "<group>";
		};
		E04FE7B52A7E2FBC00C85CF1 /* FirstDoseVC */ = {
			isa = PBXGroup;
			children = (
				E09EF8F22A8CC9C30089ED95 /* Protocol */,
				E09EF8F52A8CC9DA0089ED95 /* Interactor */,
				E09EF8F32A8CC9CB0089ED95 /* Presenter */,
				E09EF8F42A8CC9D40089ED95 /* Router */,
				E09EF8F12A8CC9BE0089ED95 /* View */,
			);
			path = FirstDoseVC;
			sourceTree = "<group>";
		};
		E04FE7B62A7E2FCB00C85CF1 /* SetTimerVC */ = {
			isa = PBXGroup;
			children = (
				E09EF9012A8CD2360089ED95 /* Protocol */,
				E09EF9042A8CD24C0089ED95 /* Interactor */,
				E09EF9022A8CD23D0089ED95 /* Presenter */,
				E09EF9032A8CD2460089ED95 /* Router */,
				E09EF9002A8CD22F0089ED95 /* View */,
			);
			path = SetTimerVC;
			sourceTree = "<group>";
		};
		E04FE7B72A7E2FEC00C85CF1 /* TakeMedicineVC */ = {
			isa = PBXGroup;
			children = (
				E09EF9202A8CE8CF0089ED95 /* Protocol */,
				E09EF9232A8CE8E20089ED95 /* Interactor */,
				E09EF9212A8CE8D50089ED95 /* Presenter */,
				E09EF9222A8CE8DC0089ED95 /* Router */,
				E09EF91F2A8CE8CA0089ED95 /* View */,
			);
			path = TakeMedicineVC;
			sourceTree = "<group>";
		};
		E04FE7B82A7E2FF800C85CF1 /* SoundVC */ = {
			isa = PBXGroup;
			children = (
				E09EF9102A8CE08D0089ED95 /* Protocol */,
				E09EF9132A8CE0A10089ED95 /* Interactor */,
				E09EF9112A8CE0950089ED95 /* Presenter */,
				E09EF9122A8CE09C0089ED95 /* Router */,
				E09EF90F2A8CE0880089ED95 /* View */,
			);
			path = SoundVC;
			sourceTree = "<group>";
		};
		E058EDE02A738DE200CAFF58 /* HeaderView */ = {
			isa = PBXGroup;
			children = (
				E0FA77C92A7267EB004EADEC /* HeaderView.xib */,
				E0FA77CB2A726824004EADEC /* HeaderView.swift */,
			);
			path = HeaderView;
			sourceTree = "<group>";
		};
		E058EDE12A738DFB00CAFF58 /* Cell */ = {
			isa = PBXGroup;
			children = (
				E058EDE02A738DE200CAFF58 /* HeaderView */,
				E0FA77D12A726B2E004EADEC /* MedicineDetalisTableViewCell */,
			);
			path = Cell;
			sourceTree = "<group>";
		};
		E058EDE52A7390E400CAFF58 /* MedicationVC */ = {
			isa = PBXGroup;
			children = (
				E078D58F2A8B79E100904D42 /* Protocol */,
				E078D5922A8B7A0300904D42 /* Interactor */,
				E078D5902A8B79EB00904D42 /* Presenter */,
				E078D5912A8B79F700904D42 /* Router */,
				E078D58D2A8B79CB00904D42 /* View */,
			);
			path = MedicationVC;
			sourceTree = "<group>";
		};
		E058EDF42A73C59900CAFF58 /* MedicineTypeTableViewCell */ = {
			isa = PBXGroup;
			children = (
				E058EDF02A73C58400CAFF58 /* MedicineTypeTableViewCell.swift */,
				E058EDF12A73C58400CAFF58 /* MedicineTypeTableViewCell.xib */,
			);
			path = MedicineTypeTableViewCell;
			sourceTree = "<group>";
		};
		E0670CA92A8E3FDE007DE045 /* Profile */ = {
			isa = PBXGroup;
			children = (
				E0670CAA2A8E406B007DE045 /* Protocol */,
				E0670CAE2A8E4086007DE045 /* Interactor */,
				E0670CAB2A8E4073007DE045 /* Presenter */,
				E0670CAC2A8E407A007DE045 /* Router */,
				E0670CAD2A8E4080007DE045 /* View */,
			);
			path = Profile;
			sourceTree = "<group>";
		};
		E0670CAA2A8E406B007DE045 /* Protocol */ = {
			isa = PBXGroup;
			children = (
				E0670C9E2A8E3FCF007DE045 /* ProfileContract.swift */,
			);
			path = Protocol;
			sourceTree = "<group>";
		};
		E0670CAB2A8E4073007DE045 /* Presenter */ = {
			isa = PBXGroup;
			children = (
				E0670C9F2A8E3FCF007DE045 /* ProfilePresenter.swift */,
			);
			path = Presenter;
			sourceTree = "<group>";
		};
		E0670CAC2A8E407A007DE045 /* Router */ = {
			isa = PBXGroup;
			children = (
				E0670CA02A8E3FCF007DE045 /* ProfileRouter.swift */,
			);
			path = Router;
			sourceTree = "<group>";
		};
		E0670CAD2A8E4080007DE045 /* View */ = {
			isa = PBXGroup;
			children = (
				E0670CA12A8E3FCF007DE045 /* ProfileViewController.swift */,
			);
			path = View;
			sourceTree = "<group>";
		};
		E0670CAE2A8E4086007DE045 /* Interactor */ = {
			isa = PBXGroup;
			children = (
				E0670CA22A8E3FCF007DE045 /* ProfileInteractor.swift */,
			);
			path = Interactor;
			sourceTree = "<group>";
		};
		E078D5792A8B34F000904D42 /* Protocol */ = {
			isa = PBXGroup;
			children = (
				E078D56F2A8B34A200904D42 /* HomeContract.swift */,
			);
			path = Protocol;
			sourceTree = "<group>";
		};
		E078D57A2A8B34FE00904D42 /* Presenter */ = {
			isa = PBXGroup;
			children = (
				E078D5702A8B34A200904D42 /* HomePresenter.swift */,
			);
			path = Presenter;
			sourceTree = "<group>";
		};
		E078D57B2A8B350F00904D42 /* Router */ = {
			isa = PBXGroup;
			children = (
				E078D5712A8B34A200904D42 /* HomeRouter.swift */,
			);
			path = Router;
			sourceTree = "<group>";
		};
		E078D57C2A8B351C00904D42 /* Interactor */ = {
			isa = PBXGroup;
			children = (
				E078D5732A8B34A200904D42 /* HomeInteractor.swift */,
			);
			path = Interactor;
			sourceTree = "<group>";
		};
		E078D57D2A8B352C00904D42 /* View */ = {
			isa = PBXGroup;
			children = (
				E0FA77C72A7252FA004EADEC /* HomeVC.swift */,
				E058EDE12A738DFB00CAFF58 /* Cell */,
			);
			path = View;
			sourceTree = "<group>";
		};
		E078D57E2A8B421800904D42 /* Entity */ = {
			isa = PBXGroup;
			children = (
				E078D5812A8B462900904D42 /* RealmModel.swift */,
			);
			path = Entity;
			sourceTree = "<group>";
		};
		E078D58D2A8B79CB00904D42 /* View */ = {
			isa = PBXGroup;
			children = (
				E058EDDC2A7376AA00CAFF58 /* MedicationVC.swift */,
			);
			path = View;
			sourceTree = "<group>";
		};
		E078D58F2A8B79E100904D42 /* Protocol */ = {
			isa = PBXGroup;
			children = (
				E078D5832A8B793600904D42 /* MedicationContract.swift */,
			);
			path = Protocol;
			sourceTree = "<group>";
		};
		E078D5902A8B79EB00904D42 /* Presenter */ = {
			isa = PBXGroup;
			children = (
				E078D5842A8B793600904D42 /* MedicationPresenter.swift */,
			);
			path = Presenter;
			sourceTree = "<group>";
		};
		E078D5912A8B79F700904D42 /* Router */ = {
			isa = PBXGroup;
			children = (
				E078D5852A8B793600904D42 /* MedicationRouter.swift */,
			);
			path = Router;
			sourceTree = "<group>";
		};
		E078D5922A8B7A0300904D42 /* Interactor */ = {
			isa = PBXGroup;
			children = (
				E078D5872A8B793600904D42 /* MedicationInteractor.swift */,
			);
			path = Interactor;
			sourceTree = "<group>";
		};
		E078D59D2A8B7F1800904D42 /* View */ = {
			isa = PBXGroup;
			children = (
				E095BEFB2A7A09B300702CDE /* GuideTableViewCell */,
				E0AC74902A792D3700896E1A /* GuideVC.swift */,
			);
			path = View;
			sourceTree = "<group>";
		};
		E078D59E2A8B7F2600904D42 /* Protocol */ = {
			isa = PBXGroup;
			children = (
				E078D5932A8B7E9400904D42 /* GuideContract.swift */,
			);
			path = Protocol;
			sourceTree = "<group>";
		};
		E078D59F2A8B7F2E00904D42 /* Presenter */ = {
			isa = PBXGroup;
			children = (
				E078D5942A8B7E9400904D42 /* GuidePresenter.swift */,
			);
			path = Presenter;
			sourceTree = "<group>";
		};
		E078D5A02A8B7F3600904D42 /* Router */ = {
			isa = PBXGroup;
			children = (
				E078D5952A8B7E9400904D42 /* GuideRouter.swift */,
			);
			path = Router;
			sourceTree = "<group>";
		};
		E078D5A12A8B7F3C00904D42 /* Interactor */ = {
			isa = PBXGroup;
			children = (
				E078D5972A8B7E9400904D42 /* GuideInteractor.swift */,
			);
			path = Interactor;
			sourceTree = "<group>";
		};
		E078D5AC2A8B8B6300904D42 /* View */ = {
			isa = PBXGroup;
			children = (
				E058EDE62A73913300CAFF58 /* AddMedicationVC.swift */,
				E0842E3D2A777422002961B0 /* MedicineNameTableViewCell */,
			);
			path = View;
			sourceTree = "<group>";
		};
		E078D5AD2A8B8B6A00904D42 /* Protocol */ = {
			isa = PBXGroup;
			children = (
				E078D5A22A8B8AE600904D42 /* AddMedicationContract.swift */,
			);
			path = Protocol;
			sourceTree = "<group>";
		};
		E078D5AE2A8B8B7100904D42 /* Presenter */ = {
			isa = PBXGroup;
			children = (
				E078D5A32A8B8AE600904D42 /* AddMedicationPresenter.swift */,
			);
			path = Presenter;
			sourceTree = "<group>";
		};
		E078D5AF2A8B8B7800904D42 /* Router */ = {
			isa = PBXGroup;
			children = (
				E078D5A42A8B8AE600904D42 /* AddMedicationRouter.swift */,
			);
			path = Router;
			sourceTree = "<group>";
		};
		E078D5B02A8B8B7E00904D42 /* Interactor */ = {
			isa = PBXGroup;
			children = (
				E078D5A62A8B8AE600904D42 /* AddMedicationInteractor.swift */,
			);
			path = Interactor;
			sourceTree = "<group>";
		};
		E0842E3D2A777422002961B0 /* MedicineNameTableViewCell */ = {
			isa = PBXGroup;
			children = (
				E0842E392A7773A5002961B0 /* MedicineNameTableViewCell.swift */,
				E0842E3A2A7773A5002961B0 /* MedicineNameTableViewCell.xib */,
			);
			path = MedicineNameTableViewCell;
			sourceTree = "<group>";
		};
		E0842E482A77B339002961B0 /* FirstDoseCollectionViewCell */ = {
			isa = PBXGroup;
			children = (
				E0B7BAF52A77B4CF0051C398 /* FirstDoseCollectionViewCell.swift */,
				E0B7BAF62A77B4CF0051C398 /* FirstDoseCollectionViewCell.xib */,
			);
			path = FirstDoseCollectionViewCell;
			sourceTree = "<group>";
		};
		E095BEFB2A7A09B300702CDE /* GuideTableViewCell */ = {
			isa = PBXGroup;
			children = (
				E095BEF72A7A09AD00702CDE /* GuideTableViewCell.swift */,
				E095BEF82A7A09AD00702CDE /* GuideTableViewCell.xib */,
			);
			path = GuideTableViewCell;
			sourceTree = "<group>";
		};
		E095BF042A7A5B7500702CDE /* SideMenuTableViewCell */ = {
			isa = PBXGroup;
			children = (
				E095BF002A7A5B6200702CDE /* SideMenuTableViewCell.swift */,
				E095BF012A7A5B6200702CDE /* SideMenuTableViewCell.xib */,
			);
			path = SideMenuTableViewCell;
			sourceTree = "<group>";
		};
		E095BF052A7A5C2D00702CDE /* SideMenuVC */ = {
			isa = PBXGroup;
			children = (
				E09EF93A2A8CF4740089ED95 /* Interactor */,
				E09EF9392A8CF46D0089ED95 /* Router */,
				E09EF9382A8CF4650089ED95 /* Presenter */,
				E09EF9372A8CF45D0089ED95 /* Protocol */,
				E09EF9362A8CF4570089ED95 /* View */,
			);
			path = SideMenuVC;
			sourceTree = "<group>";
		};
		E095BF082A7A5C7B00702CDE /* Model */ = {
			isa = PBXGroup;
			children = (
				E058EDEE2A73C1F700CAFF58 /* Model.swift */,
				E0651DB42A77D2CB00BD7149 /* Database.swift */,
				E095BEFC2A7A11F800702CDE /* GuideModel.swift */,
				E095BF062A7A5C5600702CDE /* SideMenu.swift */,
				E092D6ED2A7CCD4000419C34 /* AppConstant.swift */,
			);
			path = Model;
			sourceTree = "<group>";
		};
		E09EF8A02A8C81150089ED95 /* View */ = {
			isa = PBXGroup;
			children = (
				E058EDEC2A73BA3300CAFF58 /* MedicineTypeVC.swift */,
				E058EDF42A73C59900CAFF58 /* MedicineTypeTableViewCell */,
			);
			path = View;
			sourceTree = "<group>";
		};
		E09EF8A12A8C811B0089ED95 /* Protocol */ = {
			isa = PBXGroup;
			children = (
				E09EF8962A8C80D70089ED95 /* MedicineTypeContract.swift */,
			);
			path = Protocol;
			sourceTree = "<group>";
		};
		E09EF8A22A8C81230089ED95 /* Router */ = {
			isa = PBXGroup;
			children = (
				E09EF8982A8C80D70089ED95 /* MedicineTypeRouter.swift */,
			);
			path = Router;
			sourceTree = "<group>";
		};
		E09EF8A32A8C812C0089ED95 /* Interactor */ = {
			isa = PBXGroup;
			children = (
				E09EF89A2A8C80D70089ED95 /* MedicineTypeInteractor.swift */,
			);
			path = Interactor;
			sourceTree = "<group>";
		};
		E09EF8A42A8C81380089ED95 /* Presenter */ = {
			isa = PBXGroup;
			children = (
				E09EF8972A8C80D70089ED95 /* MedicineTypePresenter.swift */,
			);
			path = Presenter;
			sourceTree = "<group>";
		};
		E09EF8AF2A8C92E00089ED95 /* View */ = {
			isa = PBXGroup;
			children = (
				E03E258C2A73DEBF00A628D9 /* MedicineStrengthVC.swift */,
			);
			path = View;
			sourceTree = "<group>";
		};
		E09EF8B02A8C92E60089ED95 /* Protocol */ = {
			isa = PBXGroup;
			children = (
				E09EF8A52A8C92790089ED95 /* MedicineStrengthContract.swift */,
			);
			path = Protocol;
			sourceTree = "<group>";
		};
		E09EF8B12A8C92ED0089ED95 /* Presenter */ = {
			isa = PBXGroup;
			children = (
				E09EF8A62A8C92790089ED95 /* MedicineStrengthPresenter.swift */,
			);
			path = Presenter;
			sourceTree = "<group>";
		};
		E09EF8B22A8C92F50089ED95 /* Router */ = {
			isa = PBXGroup;
			children = (
				E09EF8A72A8C92790089ED95 /* MedicineStrengthRouter.swift */,
			);
			path = Router;
			sourceTree = "<group>";
		};
		E09EF8B32A8C92FB0089ED95 /* Interactor */ = {
			isa = PBXGroup;
			children = (
				E09EF8A92A8C92790089ED95 /* MedicineStrengthInteractor.swift */,
			);
			path = Interactor;
			sourceTree = "<group>";
		};
		E09EF8BE2A8C9E630089ED95 /* View */ = {
			isa = PBXGroup;
			children = (
				E0842E372A7766AC002961B0 /* MedicinePurposeVC.swift */,
			);
			path = View;
			sourceTree = "<group>";
		};
		E09EF8BF2A8C9E690089ED95 /* Protocol */ = {
			isa = PBXGroup;
			children = (
				E09EF8B42A8C9D960089ED95 /* MedicinePurposeContract.swift */,
			);
			path = Protocol;
			sourceTree = "<group>";
		};
		E09EF8C02A8C9E700089ED95 /* Presenter */ = {
			isa = PBXGroup;
			children = (
				E09EF8B52A8C9D960089ED95 /* MedicinePurposePresenter.swift */,
			);
			path = Presenter;
			sourceTree = "<group>";
		};
		E09EF8C12A8C9E770089ED95 /* Router */ = {
			isa = PBXGroup;
			children = (
				E09EF8B62A8C9D960089ED95 /* MedicinePurposeRouter.swift */,
			);
			path = Router;
			sourceTree = "<group>";
		};
		E09EF8C22A8C9E800089ED95 /* Interactor */ = {
			isa = PBXGroup;
			children = (
				E09EF8B82A8C9D960089ED95 /* MedicinePurposeInteractor.swift */,
			);
			path = Interactor;
			sourceTree = "<group>";
		};
		E09EF8CD2A8CAAE50089ED95 /* View */ = {
			isa = PBXGroup;
			children = (
				E0842E3E2A779255002961B0 /* MonthlySchedulVC.swift */,
			);
			path = View;
			sourceTree = "<group>";
		};
		E09EF8CE2A8CAB280089ED95 /* Protocol */ = {
			isa = PBXGroup;
			children = (
				E09EF8C32A8CAA890089ED95 /* MonthlySchedulContract.swift */,
			);
			path = Protocol;
			sourceTree = "<group>";
		};
		E09EF8CF2A8CAB330089ED95 /* Presenter */ = {
			isa = PBXGroup;
			children = (
				E09EF8C42A8CAA890089ED95 /* MonthlySchedulPresenter.swift */,
			);
			path = Presenter;
			sourceTree = "<group>";
		};
		E09EF8D02A8CAB3E0089ED95 /* Router */ = {
			isa = PBXGroup;
			children = (
				E09EF8C52A8CAA890089ED95 /* MonthlySchedulRouter.swift */,
			);
			path = Router;
			sourceTree = "<group>";
		};
		E09EF8D12A8CAB450089ED95 /* Interactor */ = {
			isa = PBXGroup;
			children = (
				E09EF8C72A8CAA890089ED95 /* MonthlySchedulInteractor.swift */,
			);
			path = Interactor;
			sourceTree = "<group>";
		};
		E09EF8E22A8CC3050089ED95 /* View */ = {
			isa = PBXGroup;
			children = (
				E0842E402A77ABDA002961B0 /* WeeklyScheduleViewController.swift */,
			);
			path = View;
			sourceTree = "<group>";
		};
		E09EF8E32A8CC30E0089ED95 /* Protocol */ = {
			isa = PBXGroup;
			children = (
				E09EF8DA2A8CC2360089ED95 /* WeeklyScheduleContract.swift */,
			);
			path = Protocol;
			sourceTree = "<group>";
		};
		E09EF8E42A8CC3170089ED95 /* Presenter */ = {
			isa = PBXGroup;
			children = (
				E09EF8DB2A8CC2360089ED95 /* WeeklySchedulePresenter.swift */,
			);
			path = Presenter;
			sourceTree = "<group>";
		};
		E09EF8E52A8CC31D0089ED95 /* Router */ = {
			isa = PBXGroup;
			children = (
				E09EF8DC2A8CC2360089ED95 /* WeeklyScheduleRouter.swift */,
			);
			path = Router;
			sourceTree = "<group>";
		};
		E09EF8E62A8CC3250089ED95 /* Interactor */ = {
			isa = PBXGroup;
			children = (
				E09EF8DD2A8CC2360089ED95 /* WeeklyScheduleInteractor.swift */,
			);
			path = Interactor;
			sourceTree = "<group>";
		};
		E09EF8F12A8CC9BE0089ED95 /* View */ = {
			isa = PBXGroup;
			children = (
				E0842E422A77B1A8002961B0 /* FirstDoseVC.swift */,
				E0842E482A77B339002961B0 /* FirstDoseCollectionViewCell */,
			);
			path = View;
			sourceTree = "<group>";
		};
		E09EF8F22A8CC9C30089ED95 /* Protocol */ = {
			isa = PBXGroup;
			children = (
				E09EF8E72A8CC9520089ED95 /* FirstDoseContract.swift */,
			);
			path = Protocol;
			sourceTree = "<group>";
		};
		E09EF8F32A8CC9CB0089ED95 /* Presenter */ = {
			isa = PBXGroup;
			children = (
				E09EF8E82A8CC9520089ED95 /* FirstDosePresenter.swift */,
			);
			path = Presenter;
			sourceTree = "<group>";
		};
		E09EF8F42A8CC9D40089ED95 /* Router */ = {
			isa = PBXGroup;
			children = (
				E09EF8E92A8CC9520089ED95 /* FirstDoseRouter.swift */,
			);
			path = Router;
			sourceTree = "<group>";
		};
		E09EF8F52A8CC9DA0089ED95 /* Interactor */ = {
			isa = PBXGroup;
			children = (
				E09EF8EB2A8CC9520089ED95 /* FirstDoseInteractor.swift */,
			);
			path = Interactor;
			sourceTree = "<group>";
		};
		E09EF9002A8CD22F0089ED95 /* View */ = {
			isa = PBXGroup;
			children = (
				E0651DAD2A77BA5800BD7149 /* SetTimerVC.swift */,
			);
			path = View;
			sourceTree = "<group>";
		};
		E09EF9012A8CD2360089ED95 /* Protocol */ = {
			isa = PBXGroup;
			children = (
				E09EF8F62A8CD1B40089ED95 /* SetTimerContract.swift */,
			);
			path = Protocol;
			sourceTree = "<group>";
		};
		E09EF9022A8CD23D0089ED95 /* Presenter */ = {
			isa = PBXGroup;
			children = (
				E09EF8F72A8CD1B40089ED95 /* SetTimerPresenter.swift */,
			);
			path = Presenter;
			sourceTree = "<group>";
		};
		E09EF9032A8CD2460089ED95 /* Router */ = {
			isa = PBXGroup;
			children = (
				E09EF8F82A8CD1B40089ED95 /* SetTimerRouter.swift */,
			);
			path = Router;
			sourceTree = "<group>";
		};
		E09EF9042A8CD24C0089ED95 /* Interactor */ = {
			isa = PBXGroup;
			children = (
				E09EF8FA2A8CD1B40089ED95 /* SetTimerInteractor.swift */,
			);
			path = Interactor;
			sourceTree = "<group>";
		};
		E09EF90F2A8CE0880089ED95 /* View */ = {
			isa = PBXGroup;
			children = (
				E0AC748C2A78D3CE00896E1A /* SoundVC.swift */,
			);
			path = View;
			sourceTree = "<group>";
		};
		E09EF9102A8CE08D0089ED95 /* Protocol */ = {
			isa = PBXGroup;
			children = (
				E09EF9052A8CE02A0089ED95 /* SoundContract.swift */,
			);
			path = Protocol;
			sourceTree = "<group>";
		};
		E09EF9112A8CE0950089ED95 /* Presenter */ = {
			isa = PBXGroup;
			children = (
				E09EF9062A8CE02A0089ED95 /* SoundPresenter.swift */,
			);
			path = Presenter;
			sourceTree = "<group>";
		};
		E09EF9122A8CE09C0089ED95 /* Router */ = {
			isa = PBXGroup;
			children = (
				E09EF9072A8CE02A0089ED95 /* SoundRouter.swift */,
			);
			path = Router;
			sourceTree = "<group>";
		};
		E09EF9132A8CE0A10089ED95 /* Interactor */ = {
			isa = PBXGroup;
			children = (
				E09EF9092A8CE02A0089ED95 /* SoundInteractor.swift */,
			);
			path = Interactor;
			sourceTree = "<group>";
		};
		E09EF91F2A8CE8CA0089ED95 /* View */ = {
			isa = PBXGroup;
			children = (
				E090CE972A7B846B00DA3894 /* TakeMedicineVC.swift */,
			);
			name = View;
			sourceTree = "<group>";
		};
		E09EF9202A8CE8CF0089ED95 /* Protocol */ = {
			isa = PBXGroup;
			children = (
				E09EF9152A8CE8880089ED95 /* TakeMedicineContract.swift */,
			);
			name = Protocol;
			sourceTree = "<group>";
		};
		E09EF9212A8CE8D50089ED95 /* Presenter */ = {
			isa = PBXGroup;
			children = (
				E09EF9162A8CE8880089ED95 /* TakeMedicinePresenter.swift */,
			);
			name = Presenter;
			sourceTree = "<group>";
		};
		E09EF9222A8CE8DC0089ED95 /* Router */ = {
			isa = PBXGroup;
			children = (
				E09EF9172A8CE8880089ED95 /* TakeMedicineRouter.swift */,
			);
			name = Router;
			sourceTree = "<group>";
		};
		E09EF9232A8CE8E20089ED95 /* Interactor */ = {
			isa = PBXGroup;
			children = (
				E09EF9192A8CE8880089ED95 /* TakeMedicineInteractor.swift */,
			);
			name = Interactor;
			sourceTree = "<group>";
		};
		E09EF9362A8CF4570089ED95 /* View */ = {
			isa = PBXGroup;
			children = (
				E095BEFE2A7A586D00702CDE /* SideMenuViewController.swift */,
				E095BF042A7A5B7500702CDE /* SideMenuTableViewCell */,
			);
			path = View;
			sourceTree = "<group>";
		};
		E09EF9372A8CF45D0089ED95 /* Protocol */ = {
			isa = PBXGroup;
			children = (
				E09EF92E2A8CF3AF0089ED95 /* SideMenuContract.swift */,
			);
			path = Protocol;
			sourceTree = "<group>";
		};
		E09EF9382A8CF4650089ED95 /* Presenter */ = {
			isa = PBXGroup;
			children = (
				E09EF92F2A8CF3AF0089ED95 /* SideMenuPresenter.swift */,
			);
			path = Presenter;
			sourceTree = "<group>";
		};
		E09EF9392A8CF46D0089ED95 /* Router */ = {
			isa = PBXGroup;
			children = (
				E09EF9302A8CF3AF0089ED95 /* SideMenuRouter.swift */,
			);
			path = Router;
			sourceTree = "<group>";
		};
		E09EF93A2A8CF4740089ED95 /* Interactor */ = {
			isa = PBXGroup;
			children = (
				E09EF9312A8CF3AF0089ED95 /* SideMenuInteractor.swift */,
			);
			path = Interactor;
			sourceTree = "<group>";
		};
		E0AC748E2A792C2600896E1A /* AddMedicationVC */ = {
			isa = PBXGroup;
			children = (
				E078D5AD2A8B8B6A00904D42 /* Protocol */,
				E078D5B02A8B8B7E00904D42 /* Interactor */,
				E078D5AE2A8B8B7100904D42 /* Presenter */,
				E078D5AF2A8B8B7800904D42 /* Router */,
				E078D5AC2A8B8B6300904D42 /* View */,
			);
			path = AddMedicationVC;
			sourceTree = "<group>";
		};
		E0AC74922A792D5000896E1A /* GuideVC */ = {
			isa = PBXGroup;
			children = (
				E078D59E2A8B7F2600904D42 /* Protocol */,
				E078D5A12A8B7F3C00904D42 /* Interactor */,
				E078D59F2A8B7F2E00904D42 /* Presenter */,
				E078D5A02A8B7F3600904D42 /* Router */,
				E078D59D2A8B7F1800904D42 /* View */,
			);
			path = GuideVC;
			sourceTree = "<group>";
		};
		E0D5CF1D2A81F7DB006A610E /* Extension */ = {
			isa = PBXGroup;
			children = (
				E0D5CF1E2A81F816006A610E /* LangugeManager.swift */,
				E0D5CF2A2A81FB00006A610E /* Localizable.strings */,
			);
			path = Extension;
			sourceTree = "<group>";
		};
		E0FA77A12A7244E2004EADEC = {
			isa = PBXGroup;
			children = (
				E0FA77AC2A7244E2004EADEC /* Medreminder */,
				E0FA77AB2A7244E2004EADEC /* Products */,
				63FA1BAA1D772D5B89C15071 /* Pods */,
				6ED1DC5BCD2E504576CAAAAC /* Frameworks */,
			);
			sourceTree = "<group>";
		};
		E0FA77AB2A7244E2004EADEC /* Products */ = {
			isa = PBXGroup;
			children = (
				E0FA77AA2A7244E2004EADEC /* Medreminder.app */,
			);
			name = Products;
			sourceTree = "<group>";
		};
		E0FA77AC2A7244E2004EADEC /* Medreminder */ = {
			isa = PBXGroup;
			children = (
				E0FA77AD2A7244E2004EADEC /* AppDelegate.swift */,
				E0D5CF1D2A81F7DB006A610E /* Extension */,
				E095BF082A7A5C7B00702CDE /* Model */,
				E0FA77C62A7252C6004EADEC /* Controllers */,
				E0FA77C32A724613004EADEC /* StoryBoard */,
				E0FA77B62A7244E3004EADEC /* Assets.xcassets */,
				E0FA77BB2A7244E3004EADEC /* Info.plist */,
			);
			path = Medreminder;
			sourceTree = "<group>";
		};
		E0FA77C32A724613004EADEC /* StoryBoard */ = {
			isa = PBXGroup;
			children = (
				E0FA77B82A7244E3004EADEC /* LaunchScreen.storyboard */,
				E0FA77C12A72452F004EADEC /* Home.storyboard */,
				E04FE7B92A7E30FE00C85CF1 /* AddMedication.storyboard */,
				E04FE7BB2A7E325000C85CF1 /* MedicinePurpose.storyboard */,
			);
			path = StoryBoard;
			sourceTree = "<group>";
		};
		E0FA77C62A7252C6004EADEC /* Controllers */ = {
			isa = PBXGroup;
			children = (
				E04FE7AF2A7E2EEF00C85CF1 /* TabBarVC */,
				E0FA77D22A726B39004EADEC /* Home */,
				E058EDE52A7390E400CAFF58 /* MedicationVC */,
				E0AC74922A792D5000896E1A /* GuideVC */,
				E0670CA92A8E3FDE007DE045 /* Profile */,
				E0AC748E2A792C2600896E1A /* AddMedicationVC */,
				E04FE7B02A7E2F3000C85CF1 /* MedicineTypeVC */,
				E04FE7B12A7E2F5D00C85CF1 /* MedicineStrengthVC */,
				E04FE7B22A7E2F8000C85CF1 /* MedicinePurposeVC */,
				E04FE7B32A7E2F9500C85CF1 /* MonthlySchedulVC */,
				E04FE7B42A7E2FAD00C85CF1 /* WeeklyScheduleViewController */,
				E04FE7B52A7E2FBC00C85CF1 /* FirstDoseVC */,
				E04FE7B62A7E2FCB00C85CF1 /* SetTimerVC */,
				E04FE7B82A7E2FF800C85CF1 /* SoundVC */,
				E04FE7B72A7E2FEC00C85CF1 /* TakeMedicineVC */,
				E095BF052A7A5C2D00702CDE /* SideMenuVC */,
			);
			path = Controllers;
			sourceTree = "<group>";
		};
		E0FA77D12A726B2E004EADEC /* MedicineDetalisTableViewCell */ = {
			isa = PBXGroup;
			children = (
				E0FA77CD2A726B27004EADEC /* MedicineDetalisTableViewCell.swift */,
				E0FA77CE2A726B27004EADEC /* MedicineDetalisTableViewCell.xib */,
			);
			path = MedicineDetalisTableViewCell;
			sourceTree = "<group>";
		};
		E0FA77D22A726B39004EADEC /* Home */ = {
			isa = PBXGroup;
			children = (
				E078D57E2A8B421800904D42 /* Entity */,
				E078D5792A8B34F000904D42 /* Protocol */,
				E078D57C2A8B351C00904D42 /* Interactor */,
				E078D57A2A8B34FE00904D42 /* Presenter */,
				E078D57B2A8B350F00904D42 /* Router */,
				E078D57D2A8B352C00904D42 /* View */,
			);
			path = Home;
			sourceTree = "<group>";
		};
/* End PBXGroup section */

/* Begin PBXNativeTarget section */
		E0FA77A92A7244E2004EADEC /* Medreminder */ = {
			isa = PBXNativeTarget;
			buildConfigurationList = E0FA77BE2A7244E3004EADEC /* Build configuration list for PBXNativeTarget "Medreminder" */;
			buildPhases = (
				0744392F145080156D3D4874 /* [CP] Check Pods Manifest.lock */,
				E0FA77A62A7244E2004EADEC /* Sources */,
				E0FA77A72A7244E2004EADEC /* Frameworks */,
				E0FA77A82A7244E2004EADEC /* Resources */,
				55B92347EB56737EA67FDE35 /* [CP] Embed Pods Frameworks */,
			);
			buildRules = (
			);
			dependencies = (
			);
			name = Medreminder;
			packageProductDependencies = (
				E0651DB02A77D1BA00BD7149 /* Realm */,
				E0651DB22A77D1BA00BD7149 /* RealmSwift */,
			);
			productName = Medreminder;
			productReference = E0FA77AA2A7244E2004EADEC /* Medreminder.app */;
			productType = "com.apple.product-type.application";
		};
/* End PBXNativeTarget section */

/* Begin PBXProject section */
		E0FA77A22A7244E2004EADEC /* Project object */ = {
			isa = PBXProject;
			attributes = {
				BuildIndependentTargetsInParallel = 1;
				LastSwiftUpdateCheck = 1320;
				LastUpgradeCheck = 1320;
				TargetAttributes = {
					E0FA77A92A7244E2004EADEC = {
						CreatedOnToolsVersion = 13.2.1;
					};
				};
			};
			buildConfigurationList = E0FA77A52A7244E2004EADEC /* Build configuration list for PBXProject "Medreminder" */;
			compatibilityVersion = "Xcode 13.0";
			developmentRegion = en;
			hasScannedForEncodings = 0;
			knownRegions = (
				en,
				Base,
				hi,
			);
			mainGroup = E0FA77A12A7244E2004EADEC;
			packageReferences = (
				E0651DAF2A77D1BA00BD7149 /* XCRemoteSwiftPackageReference "realm-swift" */,
			);
			productRefGroup = E0FA77AB2A7244E2004EADEC /* Products */;
			projectDirPath = "";
			projectRoot = "";
			targets = (
				E0FA77A92A7244E2004EADEC /* Medreminder */,
			);
		};
/* End PBXProject section */

/* Begin PBXResourcesBuildPhase section */
		E0FA77A82A7244E2004EADEC /* Resources */ = {
			isa = PBXResourcesBuildPhase;
			buildActionMask = 2147483647;
			files = (
				E0FA77D02A726B27004EADEC /* MedicineDetalisTableViewCell.xib in Resources */,
				E095BF032A7A5B6200702CDE /* SideMenuTableViewCell.xib in Resources */,
				E04FE7BA2A7E30FE00C85CF1 /* AddMedication.storyboard in Resources */,
				E0FA77C22A72452F004EADEC /* Home.storyboard in Resources */,
				E04FE7BC2A7E325000C85CF1 /* MedicinePurpose.storyboard in Resources */,
				E0B7BAF82A77B4CF0051C398 /* FirstDoseCollectionViewCell.xib in Resources */,
				E095BEFA2A7A09AD00702CDE /* GuideTableViewCell.xib in Resources */,
				E0FA77BA2A7244E3004EADEC /* LaunchScreen.storyboard in Resources */,
				E0842E3C2A7773A5002961B0 /* MedicineNameTableViewCell.xib in Resources */,
				E0FA77B72A7244E3004EADEC /* Assets.xcassets in Resources */,
				E0D5CF282A81FB00006A610E /* Localizable.strings in Resources */,
				E0FA77CA2A7267EB004EADEC /* HeaderView.xib in Resources */,
				E058EDF32A73C58400CAFF58 /* MedicineTypeTableViewCell.xib in Resources */,
			);
			runOnlyForDeploymentPostprocessing = 0;
		};
/* End PBXResourcesBuildPhase section */

/* Begin PBXShellScriptBuildPhase section */
		0744392F145080156D3D4874 /* [CP] Check Pods Manifest.lock */ = {
			isa = PBXShellScriptBuildPhase;
			buildActionMask = 2147483647;
			files = (
			);
			inputFileListPaths = (
			);
			inputPaths = (
				"${PODS_PODFILE_DIR_PATH}/Podfile.lock",
				"${PODS_ROOT}/Manifest.lock",
			);
			name = "[CP] Check Pods Manifest.lock";
			outputFileListPaths = (
			);
			outputPaths = (
				"$(DERIVED_FILE_DIR)/Pods-Medreminder-checkManifestLockResult.txt",
			);
			runOnlyForDeploymentPostprocessing = 0;
			shellPath = /bin/sh;
			shellScript = "diff \"${PODS_PODFILE_DIR_PATH}/Podfile.lock\" \"${PODS_ROOT}/Manifest.lock\" > /dev/null\nif [ $? != 0 ] ; then\n    # print error to STDERR\n    echo \"error: The sandbox is not in sync with the Podfile.lock. Run 'pod install' or update your CocoaPods installation.\" >&2\n    exit 1\nfi\n# This output is used by Xcode 'outputs' to avoid re-running this script phase.\necho \"SUCCESS\" > \"${SCRIPT_OUTPUT_FILE_0}\"\n";
			showEnvVarsInLog = 0;
		};
		55B92347EB56737EA67FDE35 /* [CP] Embed Pods Frameworks */ = {
			isa = PBXShellScriptBuildPhase;
			buildActionMask = 2147483647;
			files = (
			);
			inputFileListPaths = (
				"${PODS_ROOT}/Target Support Files/Pods-Medreminder/Pods-Medreminder-frameworks-${CONFIGURATION}-input-files.xcfilelist",
			);
			name = "[CP] Embed Pods Frameworks";
			outputFileListPaths = (
				"${PODS_ROOT}/Target Support Files/Pods-Medreminder/Pods-Medreminder-frameworks-${CONFIGURATION}-output-files.xcfilelist",
			);
			runOnlyForDeploymentPostprocessing = 0;
			shellPath = /bin/sh;
			shellScript = "\"${PODS_ROOT}/Target Support Files/Pods-Medreminder/Pods-Medreminder-frameworks.sh\"\n";
			showEnvVarsInLog = 0;
		};
/* End PBXShellScriptBuildPhase section */

/* Begin PBXSourcesBuildPhase section */
		E0FA77A62A7244E2004EADEC /* Sources */ = {
			isa = PBXSourcesBuildPhase;
			buildActionMask = 2147483647;
			files = (
				E09EF9292A8CEF8A0089ED95 /* TabBarContract.swift in Sources */,
				E095BEF92A7A09AD00702CDE /* GuideTableViewCell.swift in Sources */,
				E09EF92D2A8CEF8A0089ED95 /* TabBarInteractor.swift in Sources */,
				E0670CA52A8E3FCF007DE045 /* ProfileRouter.swift in Sources */,
				E09EF8EE2A8CC9520089ED95 /* FirstDoseRouter.swift in Sources */,
				E078D5892A8B793600904D42 /* MedicationPresenter.swift in Sources */,
				E058EDEF2A73C1F700CAFF58 /* Model.swift in Sources */,
				E09EF90C2A8CE02A0089ED95 /* SoundRouter.swift in Sources */,
				E0670CA62A8E3FCF007DE045 /* ProfileViewController.swift in Sources */,
				E09EF8C82A8CAA890089ED95 /* MonthlySchedulContract.swift in Sources */,
				E09EF8AA2A8C92790089ED95 /* MedicineStrengthContract.swift in Sources */,
				E09EF92A2A8CEF8A0089ED95 /* TabBarPresenter.swift in Sources */,
				E0842E3B2A7773A5002961B0 /* MedicineNameTableViewCell.swift in Sources */,
				E078D5752A8B34A200904D42 /* HomePresenter.swift in Sources */,
				E078D59A2A8B7E9400904D42 /* GuideRouter.swift in Sources */,
				E09EF90A2A8CE02A0089ED95 /* SoundContract.swift in Sources */,
				E078D5AB2A8B8AE600904D42 /* AddMedicationInteractor.swift in Sources */,
				E078D58C2A8B793600904D42 /* MedicationInteractor.swift in Sources */,
				E058EDED2A73BA3300CAFF58 /* MedicineTypeVC.swift in Sources */,
				E09EF91E2A8CE8880089ED95 /* TakeMedicineInteractor.swift in Sources */,
				E0FA77C82A7252FA004EADEC /* HomeVC.swift in Sources */,
				E0842E382A7766AC002961B0 /* MedicinePurposeVC.swift in Sources */,
				E09EF8FC2A8CD1B40089ED95 /* SetTimerPresenter.swift in Sources */,
				E09EF8DF2A8CC2360089ED95 /* WeeklySchedulePresenter.swift in Sources */,
				E09EF8BA2A8C9D960089ED95 /* MedicinePurposePresenter.swift in Sources */,
				E090CE982A7B846B00DA3894 /* TakeMedicineVC.swift in Sources */,
				E058EDF22A73C58400CAFF58 /* MedicineTypeTableViewCell.swift in Sources */,
				E09EF8AC2A8C92790089ED95 /* MedicineStrengthRouter.swift in Sources */,
				E0670CA32A8E3FCF007DE045 /* ProfileContract.swift in Sources */,
				E09EF8FB2A8CD1B40089ED95 /* SetTimerContract.swift in Sources */,
				E09EF89C2A8C80D70089ED95 /* MedicineTypePresenter.swift in Sources */,
				E058EDE72A73913300CAFF58 /* AddMedicationVC.swift in Sources */,
				E0842E3F2A779255002961B0 /* MonthlySchedulVC.swift in Sources */,
				E0D5CF1F2A81F816006A610E /* LangugeManager.swift in Sources */,
				E09EF8DE2A8CC2360089ED95 /* WeeklyScheduleContract.swift in Sources */,
				E09EF8AB2A8C92790089ED95 /* MedicineStrengthPresenter.swift in Sources */,
				E078D5882A8B793600904D42 /* MedicationContract.swift in Sources */,
				E09EF92B2A8CEF8A0089ED95 /* TabBarRouter.swift in Sources */,
				E078D5A82A8B8AE600904D42 /* AddMedicationPresenter.swift in Sources */,
				E09EF8EC2A8CC9520089ED95 /* FirstDoseContract.swift in Sources */,
				E078D59C2A8B7E9400904D42 /* GuideInteractor.swift in Sources */,
				E09EF8CC2A8CAA890089ED95 /* MonthlySchedulInteractor.swift in Sources */,
				E078D58A2A8B793600904D42 /* MedicationRouter.swift in Sources */,
				E078D5742A8B34A200904D42 /* HomeContract.swift in Sources */,
				E078D5A72A8B8AE600904D42 /* AddMedicationContract.swift in Sources */,
				E09EF89B2A8C80D70089ED95 /* MedicineTypeContract.swift in Sources */,
				E0670CA72A8E3FCF007DE045 /* ProfileInteractor.swift in Sources */,
				E095BF022A7A5B6200702CDE /* SideMenuTableViewCell.swift in Sources */,
				E0B7BAF72A77B4CF0051C398 /* FirstDoseCollectionViewCell.swift in Sources */,
				E078D5A92A8B8AE600904D42 /* AddMedicationRouter.swift in Sources */,
				E0106D882A94979D00DA2582 /* SetTimerVC.swift in Sources */,
				E0842E432A77B1A8002961B0 /* FirstDoseVC.swift in Sources */,
				E078D5992A8B7E9400904D42 /* GuidePresenter.swift in Sources */,
				E095BEFD2A7A11F800702CDE /* GuideModel.swift in Sources */,
				E058EDDD2A7376AA00CAFF58 /* MedicationVC.swift in Sources */,
				E0FA77C52A724BB7004EADEC /* TabBarVC.swift in Sources */,
				E09EF9332A8CF3AF0089ED95 /* SideMenuPresenter.swift in Sources */,
				E09EF8BD2A8C9D960089ED95 /* MedicinePurposeInteractor.swift in Sources */,
				E09EF89D2A8C80D70089ED95 /* MedicineTypeRouter.swift in Sources */,
				E0FA77CF2A726B27004EADEC /* MedicineDetalisTableViewCell.swift in Sources */,
				E078D5762A8B34A200904D42 /* HomeRouter.swift in Sources */,
				E09EF8B92A8C9D960089ED95 /* MedicinePurposeContract.swift in Sources */,
				E09EF9342A8CF3AF0089ED95 /* SideMenuRouter.swift in Sources */,
				E095BEFF2A7A586D00702CDE /* SideMenuViewController.swift in Sources */,
				E0FA77AE2A7244E2004EADEC /* AppDelegate.swift in Sources */,
				E0AC74912A792D3700896E1A /* GuideVC.swift in Sources */,
				E09EF9322A8CF3AF0089ED95 /* SideMenuContract.swift in Sources */,
				E09EF8ED2A8CC9520089ED95 /* FirstDosePresenter.swift in Sources */,
				E09EF89F2A8C80D70089ED95 /* MedicineTypeInteractor.swift in Sources */,
				E0842E412A77ABDA002961B0 /* WeeklyScheduleViewController.swift in Sources */,
				E09EF8F02A8CC9520089ED95 /* FirstDoseInteractor.swift in Sources */,
				E095BF072A7A5C5600702CDE /* SideMenu.swift in Sources */,
				E0FA77CC2A726824004EADEC /* HeaderView.swift in Sources */,
				E0670CA42A8E3FCF007DE045 /* ProfilePresenter.swift in Sources */,
				E09EF91C2A8CE8880089ED95 /* TakeMedicineRouter.swift in Sources */,
				E09EF90B2A8CE02A0089ED95 /* SoundPresenter.swift in Sources */,
				E078D5982A8B7E9400904D42 /* GuideContract.swift in Sources */,
				E09EF8E12A8CC2360089ED95 /* WeeklyScheduleInteractor.swift in Sources */,
				E0651DB52A77D2CB00BD7149 /* Database.swift in Sources */,
				E09EF91B2A8CE8880089ED95 /* TakeMedicinePresenter.swift in Sources */,
				E09EF8E02A8CC2360089ED95 /* WeeklyScheduleRouter.swift in Sources */,
				E078D5822A8B462900904D42 /* RealmModel.swift in Sources */,
				E09EF8FF2A8CD1B40089ED95 /* SetTimerInteractor.swift in Sources */,
				E09EF90E2A8CE02A0089ED95 /* SoundInteractor.swift in Sources */,
				E09EF8BB2A8C9D960089ED95 /* MedicinePurposeRouter.swift in Sources */,
				E0AC748D2A78D3CE00896E1A /* SoundVC.swift in Sources */,
				E09EF91A2A8CE8880089ED95 /* TakeMedicineContract.swift in Sources */,
				E09EF8CA2A8CAA890089ED95 /* MonthlySchedulRouter.swift in Sources */,
				E09EF8FD2A8CD1B40089ED95 /* SetTimerRouter.swift in Sources */,
				E09EF8C92A8CAA890089ED95 /* MonthlySchedulPresenter.swift in Sources */,
				E03E258D2A73DEBF00A628D9 /* MedicineStrengthVC.swift in Sources */,
				E09EF9352A8CF3AF0089ED95 /* SideMenuInteractor.swift in Sources */,
				E09EF8AE2A8C92790089ED95 /* MedicineStrengthInteractor.swift in Sources */,
				E092D6EE2A7CCD4000419C34 /* AppConstant.swift in Sources */,
				E078D5782A8B34A200904D42 /* HomeInteractor.swift in Sources */,
			);
			runOnlyForDeploymentPostprocessing = 0;
		};
/* End PBXSourcesBuildPhase section */

/* Begin PBXVariantGroup section */
		E0D5CF2A2A81FB00006A610E /* Localizable.strings */ = {
			isa = PBXVariantGroup;
			children = (
				E0D5CF292A81FB00006A610E /* en */,
				E0D5CF2B2A81FB02006A610E /* hi */,
			);
			name = Localizable.strings;
			sourceTree = "<group>";
		};
		E0FA77B82A7244E3004EADEC /* LaunchScreen.storyboard */ = {
			isa = PBXVariantGroup;
			children = (
				E0FA77B92A7244E3004EADEC /* Base */,
				E0D5CF232A81FAC6006A610E /* hi */,
				E0D5CF252A81FAD9006A610E /* en */,
			);
			name = LaunchScreen.storyboard;
			sourceTree = "<group>";
		};
/* End PBXVariantGroup section */

/* Begin XCBuildConfiguration section */
		E0FA77BC2A7244E3004EADEC /* Debug */ = {
			isa = XCBuildConfiguration;
			buildSettings = {
				ALWAYS_SEARCH_USER_PATHS = NO;
				CLANG_ANALYZER_LOCALIZABILITY_NONLOCALIZED = YES;
				CLANG_ANALYZER_NONNULL = YES;
				CLANG_ANALYZER_NUMBER_OBJECT_CONVERSION = YES_AGGRESSIVE;
				CLANG_CXX_LANGUAGE_STANDARD = "gnu++17";
				CLANG_CXX_LIBRARY = "libc++";
				CLANG_ENABLE_MODULES = YES;
				CLANG_ENABLE_OBJC_ARC = YES;
				CLANG_ENABLE_OBJC_WEAK = YES;
				CLANG_WARN_BLOCK_CAPTURE_AUTORELEASING = YES;
				CLANG_WARN_BOOL_CONVERSION = YES;
				CLANG_WARN_COMMA = YES;
				CLANG_WARN_CONSTANT_CONVERSION = YES;
				CLANG_WARN_DEPRECATED_OBJC_IMPLEMENTATIONS = YES;
				CLANG_WARN_DIRECT_OBJC_ISA_USAGE = YES_ERROR;
				CLANG_WARN_DOCUMENTATION_COMMENTS = YES;
				CLANG_WARN_EMPTY_BODY = YES;
				CLANG_WARN_ENUM_CONVERSION = YES;
				CLANG_WARN_INFINITE_RECURSION = YES;
				CLANG_WARN_INT_CONVERSION = YES;
				CLANG_WARN_NON_LITERAL_NULL_CONVERSION = YES;
				CLANG_WARN_OBJC_IMPLICIT_RETAIN_SELF = YES;
				CLANG_WARN_OBJC_LITERAL_CONVERSION = YES;
				CLANG_WARN_OBJC_ROOT_CLASS = YES_ERROR;
				CLANG_WARN_QUOTED_INCLUDE_IN_FRAMEWORK_HEADER = YES;
				CLANG_WARN_RANGE_LOOP_ANALYSIS = YES;
				CLANG_WARN_STRICT_PROTOTYPES = YES;
				CLANG_WARN_SUSPICIOUS_MOVE = YES;
				CLANG_WARN_UNGUARDED_AVAILABILITY = YES_AGGRESSIVE;
				CLANG_WARN_UNREACHABLE_CODE = YES;
				CLANG_WARN__DUPLICATE_METHOD_MATCH = YES;
				COPY_PHASE_STRIP = NO;
				DEBUG_INFORMATION_FORMAT = dwarf;
				ENABLE_STRICT_OBJC_MSGSEND = YES;
				ENABLE_TESTABILITY = YES;
				GCC_C_LANGUAGE_STANDARD = gnu11;
				GCC_DYNAMIC_NO_PIC = NO;
				GCC_NO_COMMON_BLOCKS = YES;
				GCC_OPTIMIZATION_LEVEL = 0;
				GCC_PREPROCESSOR_DEFINITIONS = (
					"DEBUG=1",
					"$(inherited)",
				);
				GCC_WARN_64_TO_32_BIT_CONVERSION = YES;
				GCC_WARN_ABOUT_RETURN_TYPE = YES_ERROR;
				GCC_WARN_UNDECLARED_SELECTOR = YES;
				GCC_WARN_UNINITIALIZED_AUTOS = YES_AGGRESSIVE;
				GCC_WARN_UNUSED_FUNCTION = YES;
				GCC_WARN_UNUSED_VARIABLE = YES;
				IPHONEOS_DEPLOYMENT_TARGET = 15.2;
				MTL_ENABLE_DEBUG_INFO = INCLUDE_SOURCE;
				MTL_FAST_MATH = YES;
				ONLY_ACTIVE_ARCH = YES;
				SDKROOT = iphoneos;
				SWIFT_ACTIVE_COMPILATION_CONDITIONS = DEBUG;
				SWIFT_OPTIMIZATION_LEVEL = "-Onone";
			};
			name = Debug;
		};
		E0FA77BD2A7244E3004EADEC /* Release */ = {
			isa = XCBuildConfiguration;
			buildSettings = {
				ALWAYS_SEARCH_USER_PATHS = NO;
				CLANG_ANALYZER_LOCALIZABILITY_NONLOCALIZED = YES;
				CLANG_ANALYZER_NONNULL = YES;
				CLANG_ANALYZER_NUMBER_OBJECT_CONVERSION = YES_AGGRESSIVE;
				CLANG_CXX_LANGUAGE_STANDARD = "gnu++17";
				CLANG_CXX_LIBRARY = "libc++";
				CLANG_ENABLE_MODULES = YES;
				CLANG_ENABLE_OBJC_ARC = YES;
				CLANG_ENABLE_OBJC_WEAK = YES;
				CLANG_WARN_BLOCK_CAPTURE_AUTORELEASING = YES;
				CLANG_WARN_BOOL_CONVERSION = YES;
				CLANG_WARN_COMMA = YES;
				CLANG_WARN_CONSTANT_CONVERSION = YES;
				CLANG_WARN_DEPRECATED_OBJC_IMPLEMENTATIONS = YES;
				CLANG_WARN_DIRECT_OBJC_ISA_USAGE = YES_ERROR;
				CLANG_WARN_DOCUMENTATION_COMMENTS = YES;
				CLANG_WARN_EMPTY_BODY = YES;
				CLANG_WARN_ENUM_CONVERSION = YES;
				CLANG_WARN_INFINITE_RECURSION = YES;
				CLANG_WARN_INT_CONVERSION = YES;
				CLANG_WARN_NON_LITERAL_NULL_CONVERSION = YES;
				CLANG_WARN_OBJC_IMPLICIT_RETAIN_SELF = YES;
				CLANG_WARN_OBJC_LITERAL_CONVERSION = YES;
				CLANG_WARN_OBJC_ROOT_CLASS = YES_ERROR;
				CLANG_WARN_QUOTED_INCLUDE_IN_FRAMEWORK_HEADER = YES;
				CLANG_WARN_RANGE_LOOP_ANALYSIS = YES;
				CLANG_WARN_STRICT_PROTOTYPES = YES;
				CLANG_WARN_SUSPICIOUS_MOVE = YES;
				CLANG_WARN_UNGUARDED_AVAILABILITY = YES_AGGRESSIVE;
				CLANG_WARN_UNREACHABLE_CODE = YES;
				CLANG_WARN__DUPLICATE_METHOD_MATCH = YES;
				COPY_PHASE_STRIP = NO;
				DEBUG_INFORMATION_FORMAT = "dwarf-with-dsym";
				ENABLE_NS_ASSERTIONS = NO;
				ENABLE_STRICT_OBJC_MSGSEND = YES;
				GCC_C_LANGUAGE_STANDARD = gnu11;
				GCC_NO_COMMON_BLOCKS = YES;
				GCC_WARN_64_TO_32_BIT_CONVERSION = YES;
				GCC_WARN_ABOUT_RETURN_TYPE = YES_ERROR;
				GCC_WARN_UNDECLARED_SELECTOR = YES;
				GCC_WARN_UNINITIALIZED_AUTOS = YES_AGGRESSIVE;
				GCC_WARN_UNUSED_FUNCTION = YES;
				GCC_WARN_UNUSED_VARIABLE = YES;
				IPHONEOS_DEPLOYMENT_TARGET = 15.2;
				MTL_ENABLE_DEBUG_INFO = NO;
				MTL_FAST_MATH = YES;
				SDKROOT = iphoneos;
				SWIFT_COMPILATION_MODE = wholemodule;
				SWIFT_OPTIMIZATION_LEVEL = "-O";
				VALIDATE_PRODUCT = YES;
			};
			name = Release;
		};
		E0FA77BF2A7244E3004EADEC /* Debug */ = {
			isa = XCBuildConfiguration;
			baseConfigurationReference = DF8A140201315612B9C94E0B /* Pods-Medreminder.debug.xcconfig */;
			buildSettings = {
				ASSETCATALOG_COMPILER_APPICON_NAME = AppIcon;
				ASSETCATALOG_COMPILER_GLOBAL_ACCENT_COLOR_NAME = AccentColor;
				CODE_SIGN_IDENTITY = "iPhone Developer";
				CODE_SIGN_STYLE = Manual;
				CURRENT_PROJECT_VERSION = 1;
				DEVELOPMENT_TEAM = GYT7PPJK4H;
				GENERATE_INFOPLIST_FILE = YES;
				INFOPLIST_FILE = Medreminder/Info.plist;
				INFOPLIST_KEY_UIApplicationSupportsIndirectInputEvents = YES;
				INFOPLIST_KEY_UILaunchStoryboardName = LaunchScreen;
				INFOPLIST_KEY_UIMainStoryboardFile = Home;
				INFOPLIST_KEY_UISupportedInterfaceOrientations = "";
				INFOPLIST_KEY_UISupportedInterfaceOrientations_iPad = "UIInterfaceOrientationPortrait UIInterfaceOrientationPortraitUpsideDown UIInterfaceOrientationLandscapeLeft UIInterfaceOrientationLandscapeRight";
				INFOPLIST_KEY_UISupportedInterfaceOrientations_iPhone = "UIInterfaceOrientationPortrait UIInterfaceOrientationLandscapeLeft UIInterfaceOrientationLandscapeRight";
				LD_RUNPATH_SEARCH_PATHS = (
					"$(inherited)",
					"@executable_path/Frameworks",
				);
				MARKETING_VERSION = 1.0;
				PRODUCT_BUNDLE_IDENTIFIER = com.app.drops;
				PRODUCT_NAME = "$(TARGET_NAME)";
				PROVISIONING_PROFILE_SPECIFIER = "drops-dev";
				SWIFT_EMIT_LOC_STRINGS = YES;
				SWIFT_VERSION = 5.0;
				TARGETED_DEVICE_FAMILY = "1,2";
			};
			name = Debug;
		};
		E0FA77C02A7244E3004EADEC /* Release */ = {
			isa = XCBuildConfiguration;
			baseConfigurationReference = FA54BFC4E144F18998F14D71 /* Pods-Medreminder.release.xcconfig */;
			buildSettings = {
				ASSETCATALOG_COMPILER_APPICON_NAME = AppIcon;
				ASSETCATALOG_COMPILER_GLOBAL_ACCENT_COLOR_NAME = AccentColor;
				CODE_SIGN_IDENTITY = "iPhone Developer";
				CODE_SIGN_STYLE = Manual;
				CURRENT_PROJECT_VERSION = 1;
				DEVELOPMENT_TEAM = GYT7PPJK4H;
				GENERATE_INFOPLIST_FILE = YES;
				INFOPLIST_FILE = Medreminder/Info.plist;
				INFOPLIST_KEY_UIApplicationSupportsIndirectInputEvents = YES;
				INFOPLIST_KEY_UILaunchStoryboardName = LaunchScreen;
				INFOPLIST_KEY_UIMainStoryboardFile = Home;
				INFOPLIST_KEY_UISupportedInterfaceOrientations = "";
				INFOPLIST_KEY_UISupportedInterfaceOrientations_iPad = "UIInterfaceOrientationPortrait UIInterfaceOrientationPortraitUpsideDown UIInterfaceOrientationLandscapeLeft UIInterfaceOrientationLandscapeRight";
				INFOPLIST_KEY_UISupportedInterfaceOrientations_iPhone = "UIInterfaceOrientationPortrait UIInterfaceOrientationLandscapeLeft UIInterfaceOrientationLandscapeRight";
				LD_RUNPATH_SEARCH_PATHS = (
					"$(inherited)",
					"@executable_path/Frameworks",
				);
				MARKETING_VERSION = 1.0;
				PRODUCT_BUNDLE_IDENTIFIER = com.app.drops;
				PRODUCT_NAME = "$(TARGET_NAME)";
				PROVISIONING_PROFILE_SPECIFIER = "drops-dev";
				SWIFT_EMIT_LOC_STRINGS = YES;
				SWIFT_VERSION = 5.0;
				TARGETED_DEVICE_FAMILY = "1,2";
			};
			name = Release;
		};
/* End XCBuildConfiguration section */

/* Begin XCConfigurationList section */
		E0FA77A52A7244E2004EADEC /* Build configuration list for PBXProject "Medreminder" */ = {
			isa = XCConfigurationList;
			buildConfigurations = (
				E0FA77BC2A7244E3004EADEC /* Debug */,
				E0FA77BD2A7244E3004EADEC /* Release */,
			);
			defaultConfigurationIsVisible = 0;
			defaultConfigurationName = Release;
		};
		E0FA77BE2A7244E3004EADEC /* Build configuration list for PBXNativeTarget "Medreminder" */ = {
			isa = XCConfigurationList;
			buildConfigurations = (
				E0FA77BF2A7244E3004EADEC /* Debug */,
				E0FA77C02A7244E3004EADEC /* Release */,
			);
			defaultConfigurationIsVisible = 0;
			defaultConfigurationName = Release;
		};
/* End XCConfigurationList section */

/* Begin XCRemoteSwiftPackageReference section */
		E0651DAF2A77D1BA00BD7149 /* XCRemoteSwiftPackageReference "realm-swift" */ = {
			isa = XCRemoteSwiftPackageReference;
			repositoryURL = "https://github.com/realm/realm-swift.git";
			requirement = {
				kind = exactVersion;
				version = 10.33.0;
			};
		};
/* End XCRemoteSwiftPackageReference section */

/* Begin XCSwiftPackageProductDependency section */
		E0651DB02A77D1BA00BD7149 /* Realm */ = {
			isa = XCSwiftPackageProductDependency;
			package = E0651DAF2A77D1BA00BD7149 /* XCRemoteSwiftPackageReference "realm-swift" */;
			productName = Realm;
		};
		E0651DB22A77D1BA00BD7149 /* RealmSwift */ = {
			isa = XCSwiftPackageProductDependency;
			package = E0651DAF2A77D1BA00BD7149 /* XCRemoteSwiftPackageReference "realm-swift" */;
			productName = RealmSwift;
		};
/* End XCSwiftPackageProductDependency section */
	};
	rootObject = E0FA77A22A7244E2004EADEC /* Project object */;
}
